// !$*UTF8*$!
{
	archiveVersion = 1;
	classes = {
	};
	objectVersion = 46;
	objects = {

/* Begin PBXBuildFile section */
		02C4F208195D005D59340A74 /* PairingCoordinatorTests.swift in Sources */ = {isa = PBXBuildFile; fileRef = BEDCD6ABD168500771F09E44 /* PairingCoordinatorTests.swift */; };
		09F11E5CC83960193F643CD4 /* TogetherRelayTransport.swift in Sources */ = {isa = PBXBuildFile; fileRef = F2014D987620EF751D38A281 /* TogetherRelayTransport.swift */; };
		0B7F41B25131C289ACE4EDFE /* Foundation.framework in Frameworks */ = {isa = PBXBuildFile; fileRef = 6B2C70EF24159DE02A9BFC34 /* Foundation.framework */; };
		0D03EC2A2C4B2D2E95B90F50 /* HomeView.swift in Sources */ = {isa = PBXBuildFile; fileRef = D710A956E180FAE93B2C9071 /* HomeView.swift */; };
		106D339145861D6B78CAB04F /* PairingCoordinator.swift in Sources */ = {isa = PBXBuildFile; fileRef = 1934EE3F5200DF000130B70B /* PairingCoordinator.swift */; };
		13C4C237A9B5736DCEF6282F /* TogetherReconnectTests.swift in Sources */ = {isa = PBXBuildFile; fileRef = 2BD2A154EB154D7175B03293 /* TogetherReconnectTests.swift */; };
		18CBAEA19F867AED124DB1BC /* GoogleCast.xcframework in Frameworks */ = {isa = PBXBuildFile; fileRef = 842DBB77708AECB606809597 /* GoogleCast.xcframework */; };
		214B83111D5884AB8779D104 /* Configuration.plist in Resources */ = {isa = PBXBuildFile; fileRef = 60DD853408F1E13F0B17F807 /* Configuration.plist */; };
		21EB2AD0542A694377B9CAC1 /* TogetherCodec.swift in Sources */ = {isa = PBXBuildFile; fileRef = 61577AC76C3111798002F97A /* TogetherCodec.swift */; };
		2F54B849DAF217C39EE272F5 /* LiveServiceTests.swift in Sources */ = {isa = PBXBuildFile; fileRef = C039C910F1C2908DB5DF2718 /* LiveServiceTests.swift */; };
		396EC7A7A16B5DDA08F66D67 /* CatalogComponents.swift in Sources */ = {isa = PBXBuildFile; fileRef = 6A6754A69D3F15039C04AD9A /* CatalogComponents.swift */; };
		3A0EDFBA3CC03F15E8396381 /* CatalogPresentation.swift in Sources */ = {isa = PBXBuildFile; fileRef = 0DD68B5E982973CE5A540F37 /* CatalogPresentation.swift */; };
		3BC3D8ECE85DD0C7E269A58C /* LocalStore.swift in Sources */ = {isa = PBXBuildFile; fileRef = 3EAB2AE01493E60B5B63C72D /* LocalStore.swift */; };
		3FAA282F149DE69AFB15C52F /* EpisodeReleaseState.swift in Sources */ = {isa = PBXBuildFile; fileRef = 151AA05437813F7BED7FDBDC /* EpisodeReleaseState.swift */; };
		409F2636F51D09D048A5F6B5 /* ContinueTarget.swift in Sources */ = {isa = PBXBuildFile; fileRef = 9560BE47EED3035BEE703594 /* ContinueTarget.swift */; };
		4402CC5FF5BE7CA69C27F5EA /* Foundation.framework in Frameworks */ = {isa = PBXBuildFile; fileRef = 6B2C70EF24159DE02A9BFC34 /* Foundation.framework */; };
		46AE6B3737CB78A7C85336BE /* TogetherPlayback.swift in Sources */ = {isa = PBXBuildFile; fileRef = 1D2E7F0D4F6518A3D694030B /* TogetherPlayback.swift */; };
		4760CCDCF9A9F622BF7077B6 /* Service.swift in Sources */ = {isa = PBXBuildFile; fileRef = 1955F5B197939FF222F1E3D5 /* Service.swift */; };
		4A071ECDDBEDEA2220D005E2 /* Authentication.swift in Sources */ = {isa = PBXBuildFile; fileRef = 27A2A43A1909EE72D4E4F234 /* Authentication.swift */; };
		4AD113A9421CF9426BD038F7 /* DeepLink.swift in Sources */ = {isa = PBXBuildFile; fileRef = 4403D3919CE4AADFB2153E49 /* DeepLink.swift */; };
		569E095FAC3D9F5FBF28236B /* CastCoreTests.swift in Sources */ = {isa = PBXBuildFile; fileRef = 26C5C2F96BF56C50F5F92127 /* CastCoreTests.swift */; };
		5BF1563C5EE6F81C11AC9848 /* KeychainTests.swift in Sources */ = {isa = PBXBuildFile; fileRef = 1B813BA5699F1D87B35AEF46 /* KeychainTests.swift */; };
		5D7A0A675946B025C67F2EDF /* PlaybackMediaControls.swift in Sources */ = {isa = PBXBuildFile; fileRef = A920F27E48F68B07E5847BD5 /* PlaybackMediaControls.swift */; };
		5DAAA281281D35659E4D1A2F /* EpisodeNotificationPlan.swift in Sources */ = {isa = PBXBuildFile; fileRef = DA2F74A21739DCBB602EF5BD /* EpisodeNotificationPlan.swift */; };
		5ECD8515C81F3D1E091FF0CD /* AniSkipClient.swift in Sources */ = {isa = PBXBuildFile; fileRef = 2EF2F7F075BCB6EB3A56C619 /* AniSkipClient.swift */; };
		5F7EF152FB168C7617C6DBF8 /* CastPlaybackState.swift in Sources */ = {isa = PBXBuildFile; fileRef = CEB6FA43CDB575C576570AB9 /* CastPlaybackState.swift */; };
		608AE0AD7A04BF200EE9860E /* DownloadManager.swift in Sources */ = {isa = PBXBuildFile; fileRef = 8495B49E1FD1A1301DF8B223 /* DownloadManager.swift */; };
		614BA4C9381E4764A659CF0D /* DomainTests.swift in Sources */ = {isa = PBXBuildFile; fileRef = 49A4735E4E25CB429EDBC1B9 /* DomainTests.swift */; };
		61EA135E77E8E7AEE5A2BB6B /* PlaybackPolicy.swift in Sources */ = {isa = PBXBuildFile; fileRef = 6957EEEB729ADDCE6E16905D /* PlaybackPolicy.swift */; };
		678250AE9C9D558785C7CE21 /* CastViews.swift in Sources */ = {isa = PBXBuildFile; fileRef = 9E417C5A6FEA8640906389C7 /* CastViews.swift */; };
		6D9F0060B076465A8E0BCF4D /* AppModelTests.swift in Sources */ = {isa = PBXBuildFile; fileRef = 1BADD53791948D6E0010FBE7 /* AppModelTests.swift */; };
		71C6764A1BA01B826C37BF5B /* ContinuationTests.swift in Sources */ = {isa = PBXBuildFile; fileRef = 773EB5D9718DFA7E035C077B /* ContinuationTests.swift */; };
		74755B323A95E4DEC0DECFB5 /* TogetherView.swift in Sources */ = {isa = PBXBuildFile; fileRef = FA0E555CE3D1E3AC9D5517F4 /* TogetherView.swift */; };
		75B4DA5879B891A53D33C3AF /* AppModel.swift in Sources */ = {isa = PBXBuildFile; fileRef = 02838E867E80FB7A35097A9C /* AppModel.swift */; };
		7DD30A8295A382E347FEF4DF /* SearchView.swift in Sources */ = {isa = PBXBuildFile; fileRef = D45476ABEE3A2E412F5EBA86 /* SearchView.swift */; };
		7E22290108D1B6E711F09951 /* TogetherProtocolTests.swift in Sources */ = {isa = PBXBuildFile; fileRef = 6351E7F1F3BEDCB689F51D9C /* TogetherProtocolTests.swift */; };
		83D456C71BC2955435766972 /* PlaybackModel.swift in Sources */ = {isa = PBXBuildFile; fileRef = 9EAB868B1419453032C1BA15 /* PlaybackModel.swift */; };
		88ADCF28CC02A93BF4ACC394 /* DeepLinkTests.swift in Sources */ = {isa = PBXBuildFile; fileRef = CBF7D1D4F6133C235E619759 /* DeepLinkTests.swift */; };
		9B2E9B8171BD309878DA4B31 /* TogetherSyncTests.swift in Sources */ = {isa = PBXBuildFile; fileRef = 4CC7DFA4B2288A09C6461C1E /* TogetherSyncTests.swift */; };
		9E9834D08EDE0894A2268841 /* ApplicationRuntime.swift in Sources */ = {isa = PBXBuildFile; fileRef = C9C3546568514E553676A2E7 /* ApplicationRuntime.swift */; };
		A399FFE92D2707B32421FE51 /* LANConnection.swift in Sources */ = {isa = PBXBuildFile; fileRef = 3BA463A502F30D8077BA9CAE /* LANConnection.swift */; };
		A5BE94AB3961CB1A67C5F726 /* PlaybackTogetherAdapter.swift in Sources */ = {isa = PBXBuildFile; fileRef = 8A87EE36E6D96717591923CB /* PlaybackTogetherAdapter.swift */; };
		AB27AE5669A3990CB392E699 /* RootView.swift in Sources */ = {isa = PBXBuildFile; fileRef = 6ABB8D19D300E33DD44C5B60 /* RootView.swift */; };
		AC1297F2A2A3D4EC3B57D1B6 /* PairingProtocolTests.swift in Sources */ = {isa = PBXBuildFile; fileRef = 7448FBA03C2CE75262855F97 /* PairingProtocolTests.swift */; };
		ACC69A6B5F53300BDCE39853 /* TVPairingClient.swift in Sources */ = {isa = PBXBuildFile; fileRef = E42E954C9976C55A784734B9 /* TVPairingClient.swift */; };
		B0CED769767E3FFAB575E670 /* DevicePairingView.swift in Sources */ = {isa = PBXBuildFile; fileRef = 5C6F5CC1CCF00AE841D4E145 /* DevicePairingView.swift */; };
		B2641F9B5724E28240B4E24A /* SettingsView.swift in Sources */ = {isa = PBXBuildFile; fileRef = C521664252465549AE668DE2 /* SettingsView.swift */; };
		B289A750E041287560B462BA /* KaeruApp.swift in Sources */ = {isa = PBXBuildFile; fileRef = F3ACB7FB8B3B137FFF4B6179 /* KaeruApp.swift */; };
		BC5F79803ACE5A7D056550EC /* Preferences.swift in Sources */ = {isa = PBXBuildFile; fileRef = DEDABE2156CFB12FBA17AF71 /* Preferences.swift */; };
		BF45D596E40FE27A48B839A0 /* NavigationTests.swift in Sources */ = {isa = PBXBuildFile; fileRef = 1345B1E9A6B69BD9C93D15F4 /* NavigationTests.swift */; };
		C5CF4EFB64258DA5F02A10EE /* EpisodeNotificationService.swift in Sources */ = {isa = PBXBuildFile; fileRef = C5AC2BADD9FA5BC1661F6203 /* EpisodeNotificationService.swift */; };
		C6B19D88AD77D2354C0D7F07 /* BackgroundTransfers.swift in Sources */ = {isa = PBXBuildFile; fileRef = 316E96582FCB45FD3EE92609 /* BackgroundTransfers.swift */; };
		C870AD0BF78C4943F66C5F6A /* CastManager.swift in Sources */ = {isa = PBXBuildFile; fileRef = 5586AE9E27C2C260652F01A3 /* CastManager.swift */; };
		C95BFD666C85D7AD73F57C4A /* QRScannerView.swift in Sources */ = {isa = PBXBuildFile; fileRef = 6A26FE5644EC6C797F502502 /* QRScannerView.swift */; };
		C995E9BB04528625868F65B0 /* TogetherPolicy.swift in Sources */ = {isa = PBXBuildFile; fileRef = CB577D9DF1519B7F25594DD2 /* TogetherPolicy.swift */; };
		CB49D58B5DB072389A1B2083 /* OfflineCoreTests.swift in Sources */ = {isa = PBXBuildFile; fileRef = EB2581BA3393E2A1655280C3 /* OfflineCoreTests.swift */; };
		D3D0B3AFF48A7DEEB54776E9 /* GoogleCastTransport.swift in Sources */ = {isa = PBXBuildFile; fileRef = ED13E17103E7C6D5BB40C69C /* GoogleCastTransport.swift */; };
		D437676CBC54A97751D2CECF /* TogetherReconnect.swift in Sources */ = {isa = PBXBuildFile; fileRef = BA334E761B6D190122CE1C98 /* TogetherReconnect.swift */; };
		D491B6030103677B2377CD62 /* DownloadsView.swift in Sources */ = {isa = PBXBuildFile; fileRef = 856B9A5C9BE68A740812BE9C /* DownloadsView.swift */; };
		D8D343B70008B7093CA3299F /* PlayerScreen.swift in Sources */ = {isa = PBXBuildFile; fileRef = 0724DE6EC4228B51ADAABED3 /* PlayerScreen.swift */; };
		D96FF6C1F0F3BDE3F4036060 /* Assets.xcassets in Resources */ = {isa = PBXBuildFile; fileRef = CC9844DA245B70F78685854E /* Assets.xcassets */; };
		DABD8B5E500ED8A6BB9AB5C4 /* Models.swift in Sources */ = {isa = PBXBuildFile; fileRef = 9B12C9B8AD6FD98989607D28 /* Models.swift */; };
		DC2AF848CEB210EE6F0D7DE2 /* PairingProtocol.swift in Sources */ = {isa = PBXBuildFile; fileRef = 7B8D926461D7589D96A24FA9 /* PairingProtocol.swift */; };
		E5521BC361ECB22C5E83F532 /* OfflineCatalog.swift in Sources */ = {isa = PBXBuildFile; fileRef = 7FCFD197D4FD5646564071CE /* OfflineCatalog.swift */; };
		E787D807BB7CF9B473F855BC /* NativePlayer.swift in Sources */ = {isa = PBXBuildFile; fileRef = 6B2598901C4478F2C45AC57A /* NativePlayer.swift */; };
		EC7EE99E3D74280DDDC6C683 /* CastManagerTests.swift in Sources */ = {isa = PBXBuildFile; fileRef = 757292EF4D7C7FF7E43B08C3 /* CastManagerTests.swift */; };
		ED6864935E7242847ABAA4FD /* Foundation.framework in Frameworks */ = {isa = PBXBuildFile; fileRef = 6B2C70EF24159DE02A9BFC34 /* Foundation.framework */; };
		F017D9718FEC5C78AAB49FE1 /* TogetherInvitation.swift in Sources */ = {isa = PBXBuildFile; fileRef = F9301B985EF946B48A65B9CB /* TogetherInvitation.swift */; };
		F1F9674D4B4F617BC5238642 /* TogetherLANTransport.swift in Sources */ = {isa = PBXBuildFile; fileRef = D67A8333D0191793B4AF2D55 /* TogetherLANTransport.swift */; };
		F290534B23E5B19916F39A26 /* AppearanceTests.swift in Sources */ = {isa = PBXBuildFile; fileRef = 606D2ACAFDB8B05CD39C48D7 /* AppearanceTests.swift */; };
		F76EDD735C162F97F0C43616 /* DetailView.swift in Sources */ = {isa = PBXBuildFile; fileRef = A5ADC5EA8385E636CCE6E267 /* DetailView.swift */; };
		F854A0F11F581D59DDDCD2C3 /* LibraryView.swift in Sources */ = {isa = PBXBuildFile; fileRef = F94317912CD793607D8215C3 /* LibraryView.swift */; };
		FD31E6017C65EF306DAAFBB9 /* PlaybackParityTests.swift in Sources */ = {isa = PBXBuildFile; fileRef = 873AAAFBEED320CA3AFF83F1 /* PlaybackParityTests.swift */; };
		FF4C85F05E1BC817EB9A9451 /* TogetherManager.swift in Sources */ = {isa = PBXBuildFile; fileRef = 4001DDD508BE27B2B3548A91 /* TogetherManager.swift */; };
		FF7EF77EFFA9529777ABD912 /* TogetherManagerTests.swift in Sources */ = {isa = PBXBuildFile; fileRef = A6799A434E994B10E9B77249 /* TogetherManagerTests.swift */; };
/* End PBXBuildFile section */

/* Begin PBXContainerItemProxy section */
		770CFC81CEACFA1B7EF0F932 /* PBXContainerItemProxy */ = {
			isa = PBXContainerItemProxy;
			containerPortal = D329FD63283DB2030666E7A5 /* Project object */;
			proxyType = 1;
			remoteGlobalIDString = AED49F557F9E64BB29F49FB1;
			remoteInfo = Kaeru;
		};
		96C26A854FCB035FD205776B /* PBXContainerItemProxy */ = {
			isa = PBXContainerItemProxy;
			containerPortal = D329FD63283DB2030666E7A5 /* Project object */;
			proxyType = 1;
			remoteGlobalIDString = AED49F557F9E64BB29F49FB1;
			remoteInfo = Kaeru;
		};
/* End PBXContainerItemProxy section */

/* Begin PBXFileReference section */
		02838E867E80FB7A35097A9C /* AppModel.swift */ = {isa = PBXFileReference; includeInIndex = 1; lastKnownFileType = sourcecode.swift; name = AppModel.swift; path = Core/AppModel.swift; sourceTree = "<group>"; };
		0724DE6EC4228B51ADAABED3 /* PlayerScreen.swift */ = {isa = PBXFileReference; includeInIndex = 1; lastKnownFileType = sourcecode.swift; name = PlayerScreen.swift; path = Features/PlayerScreen.swift; sourceTree = "<group>"; };
		0DD68B5E982973CE5A540F37 /* CatalogPresentation.swift */ = {isa = PBXFileReference; includeInIndex = 1; lastKnownFileType = sourcecode.swift; name = CatalogPresentation.swift; path = Features/CatalogPresentation.swift; sourceTree = "<group>"; };
		1345B1E9A6B69BD9C93D15F4 /* NavigationTests.swift */ = {isa = PBXFileReference; includeInIndex = 1; lastKnownFileType = sourcecode.swift; name = NavigationTests.swift; path = Tests/UITests/NavigationTests.swift; sourceTree = "<group>"; };
		151AA05437813F7BED7FDBDC /* EpisodeReleaseState.swift */ = {isa = PBXFileReference; includeInIndex = 1; lastKnownFileType = sourcecode.swift; name = EpisodeReleaseState.swift; path = Notifications/EpisodeReleaseState.swift; sourceTree = "<group>"; };
		1934EE3F5200DF000130B70B /* PairingCoordinator.swift */ = {isa = PBXFileReference; includeInIndex = 1; lastKnownFileType = sourcecode.swift; name = PairingCoordinator.swift; path = Device/PairingCoordinator.swift; sourceTree = "<group>"; };
		1955F5B197939FF222F1E3D5 /* Service.swift */ = {isa = PBXFileReference; includeInIndex = 1; lastKnownFileType = sourcecode.swift; name = Service.swift; path = Core/Service.swift; sourceTree = "<group>"; };
		1B813BA5699F1D87B35AEF46 /* KeychainTests.swift */ = {isa = PBXFileReference; includeInIndex = 1; lastKnownFileType = sourcecode.swift; name = KeychainTests.swift; path = Tests/KaeruTests/KeychainTests.swift; sourceTree = "<group>"; };
		1BADD53791948D6E0010FBE7 /* AppModelTests.swift */ = {isa = PBXFileReference; includeInIndex = 1; lastKnownFileType = sourcecode.swift; name = AppModelTests.swift; path = Tests/KaeruTests/AppModelTests.swift; sourceTree = "<group>"; };
		1D2E7F0D4F6518A3D694030B /* TogetherPlayback.swift */ = {isa = PBXFileReference; includeInIndex = 1; lastKnownFileType = sourcecode.swift; name = TogetherPlayback.swift; path = Together/TogetherPlayback.swift; sourceTree = "<group>"; };
		26C5C2F96BF56C50F5F92127 /* CastCoreTests.swift */ = {isa = PBXFileReference; includeInIndex = 1; lastKnownFileType = sourcecode.swift; name = CastCoreTests.swift; path = Tests/KaeruTests/CastCoreTests.swift; sourceTree = "<group>"; };
		27A2A43A1909EE72D4E4F234 /* Authentication.swift */ = {isa = PBXFileReference; includeInIndex = 1; lastKnownFileType = sourcecode.swift; name = Authentication.swift; path = Core/Authentication.swift; sourceTree = "<group>"; };
		2BD2A154EB154D7175B03293 /* TogetherReconnectTests.swift */ = {isa = PBXFileReference; includeInIndex = 1; lastKnownFileType = sourcecode.swift; name = TogetherReconnectTests.swift; path = Tests/KaeruTests/TogetherReconnectTests.swift; sourceTree = "<group>"; };
		2EF2F7F075BCB6EB3A56C619 /* AniSkipClient.swift */ = {isa = PBXFileReference; includeInIndex = 1; lastKnownFileType = sourcecode.swift; name = AniSkipClient.swift; path = Playback/AniSkipClient.swift; sourceTree = "<group>"; };
		316E96582FCB45FD3EE92609 /* BackgroundTransfers.swift */ = {isa = PBXFileReference; includeInIndex = 1; lastKnownFileType = sourcecode.swift; name = BackgroundTransfers.swift; path = Offline/BackgroundTransfers.swift; sourceTree = "<group>"; };
		3BA463A502F30D8077BA9CAE /* LANConnection.swift */ = {isa = PBXFileReference; includeInIndex = 1; lastKnownFileType = sourcecode.swift; name = LANConnection.swift; path = Device/LANConnection.swift; sourceTree = "<group>"; };
		3EAB2AE01493E60B5B63C72D /* LocalStore.swift */ = {isa = PBXFileReference; includeInIndex = 1; lastKnownFileType = sourcecode.swift; name = LocalStore.swift; path = Core/LocalStore.swift; sourceTree = "<group>"; };
		4001DDD508BE27B2B3548A91 /* TogetherManager.swift */ = {isa = PBXFileReference; includeInIndex = 1; lastKnownFileType = sourcecode.swift; name = TogetherManager.swift; path = Together/TogetherManager.swift; sourceTree = "<group>"; };
		4403D3919CE4AADFB2153E49 /* DeepLink.swift */ = {isa = PBXFileReference; includeInIndex = 1; lastKnownFileType = sourcecode.swift; name = DeepLink.swift; path = Core/DeepLink.swift; sourceTree = "<group>"; };
		44499CDFBFCE7638A5F447C7 /* KaeruUITests.xctest */ = {isa = PBXFileReference; explicitFileType = wrapper.cfbundle; includeInIndex = 0; path = KaeruUITests.xctest; sourceTree = BUILT_PRODUCTS_DIR; };
		49A4735E4E25CB429EDBC1B9 /* DomainTests.swift */ = {isa = PBXFileReference; includeInIndex = 1; lastKnownFileType = sourcecode.swift; name = DomainTests.swift; path = Tests/KaeruTests/DomainTests.swift; sourceTree = "<group>"; };
		4CC7DFA4B2288A09C6461C1E /* TogetherSyncTests.swift */ = {isa = PBXFileReference; includeInIndex = 1; lastKnownFileType = sourcecode.swift; name = TogetherSyncTests.swift; path = Tests/KaeruTests/TogetherSyncTests.swift; sourceTree = "<group>"; };
		5586AE9E27C2C260652F01A3 /* CastManager.swift */ = {isa = PBXFileReference; includeInIndex = 1; lastKnownFileType = sourcecode.swift; name = CastManager.swift; path = Cast/CastManager.swift; sourceTree = "<group>"; };
		5C6F5CC1CCF00AE841D4E145 /* DevicePairingView.swift */ = {isa = PBXFileReference; includeInIndex = 1; lastKnownFileType = sourcecode.swift; name = DevicePairingView.swift; path = Features/DevicePairingView.swift; sourceTree = "<group>"; };
		606D2ACAFDB8B05CD39C48D7 /* AppearanceTests.swift */ = {isa = PBXFileReference; includeInIndex = 1; lastKnownFileType = sourcecode.swift; name = AppearanceTests.swift; path = Tests/KaeruTests/AppearanceTests.swift; sourceTree = "<group>"; };
		60DD853408F1E13F0B17F807 /* Configuration.plist */ = {isa = PBXFileReference; includeInIndex = 1; lastKnownFileType = text.plist.xml; name = Configuration.plist; path = App/Configuration.plist; sourceTree = "<group>"; };
		61577AC76C3111798002F97A /* TogetherCodec.swift */ = {isa = PBXFileReference; includeInIndex = 1; lastKnownFileType = sourcecode.swift; name = TogetherCodec.swift; path = Together/TogetherCodec.swift; sourceTree = "<group>"; };
		6351E7F1F3BEDCB689F51D9C /* TogetherProtocolTests.swift */ = {isa = PBXFileReference; includeInIndex = 1; lastKnownFileType = sourcecode.swift; name = TogetherProtocolTests.swift; path = Tests/KaeruTests/TogetherProtocolTests.swift; sourceTree = "<group>"; };
		6957EEEB729ADDCE6E16905D /* PlaybackPolicy.swift */ = {isa = PBXFileReference; includeInIndex = 1; lastKnownFileType = sourcecode.swift; name = PlaybackPolicy.swift; path = Playback/PlaybackPolicy.swift; sourceTree = "<group>"; };
		6A26FE5644EC6C797F502502 /* QRScannerView.swift */ = {isa = PBXFileReference; includeInIndex = 1; lastKnownFileType = sourcecode.swift; name = QRScannerView.swift; path = Features/QRScannerView.swift; sourceTree = "<group>"; };
		6A6754A69D3F15039C04AD9A /* CatalogComponents.swift */ = {isa = PBXFileReference; includeInIndex = 1; lastKnownFileType = sourcecode.swift; name = CatalogComponents.swift; path = Features/CatalogComponents.swift; sourceTree = "<group>"; };
		6ABB8D19D300E33DD44C5B60 /* RootView.swift */ = {isa = PBXFileReference; includeInIndex = 1; lastKnownFileType = sourcecode.swift; name = RootView.swift; path = Features/RootView.swift; sourceTree = "<group>"; };
		6B2598901C4478F2C45AC57A /* NativePlayer.swift */ = {isa = PBXFileReference; includeInIndex = 1; lastKnownFileType = sourcecode.swift; name = NativePlayer.swift; path = Playback/NativePlayer.swift; sourceTree = "<group>"; };
		6B2C70EF24159DE02A9BFC34 /* Foundation.framework */ = {isa = PBXFileReference; lastKnownFileType = wrapper.framework; name = Foundation.framework; path = Platforms/iPhoneOS.platform/Developer/SDKs/iPhoneOS14.0.sdk/System/Library/Frameworks/Foundation.framework; sourceTree = DEVELOPER_DIR; };
		7448FBA03C2CE75262855F97 /* PairingProtocolTests.swift */ = {isa = PBXFileReference; includeInIndex = 1; lastKnownFileType = sourcecode.swift; name = PairingProtocolTests.swift; path = Tests/KaeruTests/PairingProtocolTests.swift; sourceTree = "<group>"; };
		757292EF4D7C7FF7E43B08C3 /* CastManagerTests.swift */ = {isa = PBXFileReference; includeInIndex = 1; lastKnownFileType = sourcecode.swift; name = CastManagerTests.swift; path = Tests/KaeruTests/CastManagerTests.swift; sourceTree = "<group>"; };
		773EB5D9718DFA7E035C077B /* ContinuationTests.swift */ = {isa = PBXFileReference; includeInIndex = 1; lastKnownFileType = sourcecode.swift; name = ContinuationTests.swift; path = Tests/KaeruTests/ContinuationTests.swift; sourceTree = "<group>"; };
		7B8D926461D7589D96A24FA9 /* PairingProtocol.swift */ = {isa = PBXFileReference; includeInIndex = 1; lastKnownFileType = sourcecode.swift; name = PairingProtocol.swift; path = Device/PairingProtocol.swift; sourceTree = "<group>"; };
		7FCFD197D4FD5646564071CE /* OfflineCatalog.swift */ = {isa = PBXFileReference; includeInIndex = 1; lastKnownFileType = sourcecode.swift; name = OfflineCatalog.swift; path = Offline/OfflineCatalog.swift; sourceTree = "<group>"; };
		842DBB77708AECB606809597 /* GoogleCast.xcframework */ = {isa = PBXFileReference; includeInIndex = 1; lastKnownFileType = wrapper.xcframework; name = GoogleCast.xcframework; path = "Dependencies/GoogleCastSDK-ios-4.8.6_static_xcframework/GoogleCast.xcframework"; sourceTree = "<group>"; };
		8495B49E1FD1A1301DF8B223 /* DownloadManager.swift */ = {isa = PBXFileReference; includeInIndex = 1; lastKnownFileType = sourcecode.swift; name = DownloadManager.swift; path = Offline/DownloadManager.swift; sourceTree = "<group>"; };
		856B9A5C9BE68A740812BE9C /* DownloadsView.swift */ = {isa = PBXFileReference; includeInIndex = 1; lastKnownFileType = sourcecode.swift; name = DownloadsView.swift; path = Features/DownloadsView.swift; sourceTree = "<group>"; };
		873AAAFBEED320CA3AFF83F1 /* PlaybackParityTests.swift */ = {isa = PBXFileReference; includeInIndex = 1; lastKnownFileType = sourcecode.swift; name = PlaybackParityTests.swift; path = Tests/KaeruTests/PlaybackParityTests.swift; sourceTree = "<group>"; };
		8A87EE36E6D96717591923CB /* PlaybackTogetherAdapter.swift */ = {isa = PBXFileReference; includeInIndex = 1; lastKnownFileType = sourcecode.swift; name = PlaybackTogetherAdapter.swift; path = Together/PlaybackTogetherAdapter.swift; sourceTree = "<group>"; };
		9560BE47EED3035BEE703594 /* ContinueTarget.swift */ = {isa = PBXFileReference; includeInIndex = 1; lastKnownFileType = sourcecode.swift; name = ContinueTarget.swift; path = Core/ContinueTarget.swift; sourceTree = "<group>"; };
		9B12C9B8AD6FD98989607D28 /* Models.swift */ = {isa = PBXFileReference; includeInIndex = 1; lastKnownFileType = sourcecode.swift; name = Models.swift; path = Core/Models.swift; sourceTree = "<group>"; };
		9E417C5A6FEA8640906389C7 /* CastViews.swift */ = {isa = PBXFileReference; includeInIndex = 1; lastKnownFileType = sourcecode.swift; name = CastViews.swift; path = Cast/CastViews.swift; sourceTree = "<group>"; };
		9EAB868B1419453032C1BA15 /* PlaybackModel.swift */ = {isa = PBXFileReference; includeInIndex = 1; lastKnownFileType = sourcecode.swift; name = PlaybackModel.swift; path = Playback/PlaybackModel.swift; sourceTree = "<group>"; };
		A5ADC5EA8385E636CCE6E267 /* DetailView.swift */ = {isa = PBXFileReference; includeInIndex = 1; lastKnownFileType = sourcecode.swift; name = DetailView.swift; path = Features/DetailView.swift; sourceTree = "<group>"; };
		A6799A434E994B10E9B77249 /* TogetherManagerTests.swift */ = {isa = PBXFileReference; includeInIndex = 1; lastKnownFileType = sourcecode.swift; name = TogetherManagerTests.swift; path = Tests/KaeruTests/TogetherManagerTests.swift; sourceTree = "<group>"; };
		A920F27E48F68B07E5847BD5 /* PlaybackMediaControls.swift */ = {isa = PBXFileReference; includeInIndex = 1; lastKnownFileType = sourcecode.swift; name = PlaybackMediaControls.swift; path = Playback/PlaybackMediaControls.swift; sourceTree = "<group>"; };
		BA334E761B6D190122CE1C98 /* TogetherReconnect.swift */ = {isa = PBXFileReference; includeInIndex = 1; lastKnownFileType = sourcecode.swift; name = TogetherReconnect.swift; path = Together/TogetherReconnect.swift; sourceTree = "<group>"; };
		BEDCD6ABD168500771F09E44 /* PairingCoordinatorTests.swift */ = {isa = PBXFileReference; includeInIndex = 1; lastKnownFileType = sourcecode.swift; name = PairingCoordinatorTests.swift; path = Tests/KaeruTests/PairingCoordinatorTests.swift; sourceTree = "<group>"; };
		BFCD3208CC3FD1E03B58DEE0 /* KaeruTests.xctest */ = {isa = PBXFileReference; explicitFileType = wrapper.cfbundle; includeInIndex = 0; path = KaeruTests.xctest; sourceTree = BUILT_PRODUCTS_DIR; };
		C039C910F1C2908DB5DF2718 /* LiveServiceTests.swift */ = {isa = PBXFileReference; includeInIndex = 1; lastKnownFileType = sourcecode.swift; name = LiveServiceTests.swift; path = Tests/KaeruTests/LiveServiceTests.swift; sourceTree = "<group>"; };
		C521664252465549AE668DE2 /* SettingsView.swift */ = {isa = PBXFileReference; includeInIndex = 1; lastKnownFileType = sourcecode.swift; name = SettingsView.swift; path = Features/SettingsView.swift; sourceTree = "<group>"; };
		C5AC2BADD9FA5BC1661F6203 /* EpisodeNotificationService.swift */ = {isa = PBXFileReference; includeInIndex = 1; lastKnownFileType = sourcecode.swift; name = EpisodeNotificationService.swift; path = Notifications/EpisodeNotificationService.swift; sourceTree = "<group>"; };
		C9C3546568514E553676A2E7 /* ApplicationRuntime.swift */ = {isa = PBXFileReference; includeInIndex = 1; lastKnownFileType = sourcecode.swift; name = ApplicationRuntime.swift; path = App/ApplicationRuntime.swift; sourceTree = "<group>"; };
		CB577D9DF1519B7F25594DD2 /* TogetherPolicy.swift */ = {isa = PBXFileReference; includeInIndex = 1; lastKnownFileType = sourcecode.swift; name = TogetherPolicy.swift; path = Together/TogetherPolicy.swift; sourceTree = "<group>"; };
		CBF7D1D4F6133C235E619759 /* DeepLinkTests.swift */ = {isa = PBXFileReference; includeInIndex = 1; lastKnownFileType = sourcecode.swift; name = DeepLinkTests.swift; path = Tests/KaeruTests/DeepLinkTests.swift; sourceTree = "<group>"; };
		CC9844DA245B70F78685854E /* Assets.xcassets */ = {isa = PBXFileReference; includeInIndex = 1; lastKnownFileType = folder.assetcatalog; name = Assets.xcassets; path = App/Assets.xcassets; sourceTree = "<group>"; };
		CEB6FA43CDB575C576570AB9 /* CastPlaybackState.swift */ = {isa = PBXFileReference; includeInIndex = 1; lastKnownFileType = sourcecode.swift; name = CastPlaybackState.swift; path = Cast/CastPlaybackState.swift; sourceTree = "<group>"; };
		D45476ABEE3A2E412F5EBA86 /* SearchView.swift */ = {isa = PBXFileReference; includeInIndex = 1; lastKnownFileType = sourcecode.swift; name = SearchView.swift; path = Features/SearchView.swift; sourceTree = "<group>"; };
		D67A8333D0191793B4AF2D55 /* TogetherLANTransport.swift */ = {isa = PBXFileReference; includeInIndex = 1; lastKnownFileType = sourcecode.swift; name = TogetherLANTransport.swift; path = Together/TogetherLANTransport.swift; sourceTree = "<group>"; };
		D710A956E180FAE93B2C9071 /* HomeView.swift */ = {isa = PBXFileReference; includeInIndex = 1; lastKnownFileType = sourcecode.swift; name = HomeView.swift; path = Features/HomeView.swift; sourceTree = "<group>"; };
		DA2F74A21739DCBB602EF5BD /* EpisodeNotificationPlan.swift */ = {isa = PBXFileReference; includeInIndex = 1; lastKnownFileType = sourcecode.swift; name = EpisodeNotificationPlan.swift; path = Notifications/EpisodeNotificationPlan.swift; sourceTree = "<group>"; };
		DDD6DBB50DC357ACFAFBC85A /* Kaeru.app */ = {isa = PBXFileReference; explicitFileType = wrapper.application; includeInIndex = 0; path = Kaeru.app; sourceTree = BUILT_PRODUCTS_DIR; };
		DEDABE2156CFB12FBA17AF71 /* Preferences.swift */ = {isa = PBXFileReference; includeInIndex = 1; lastKnownFileType = sourcecode.swift; name = Preferences.swift; path = Core/Preferences.swift; sourceTree = "<group>"; };
		E42E954C9976C55A784734B9 /* TVPairingClient.swift */ = {isa = PBXFileReference; includeInIndex = 1; lastKnownFileType = sourcecode.swift; name = TVPairingClient.swift; path = Device/TVPairingClient.swift; sourceTree = "<group>"; };
		EB2581BA3393E2A1655280C3 /* OfflineCoreTests.swift */ = {isa = PBXFileReference; includeInIndex = 1; lastKnownFileType = sourcecode.swift; name = OfflineCoreTests.swift; path = Tests/KaeruTests/OfflineCoreTests.swift; sourceTree = "<group>"; };
		ED13E17103E7C6D5BB40C69C /* GoogleCastTransport.swift */ = {isa = PBXFileReference; includeInIndex = 1; lastKnownFileType = sourcecode.swift; name = GoogleCastTransport.swift; path = Cast/GoogleCastTransport.swift; sourceTree = "<group>"; };
		F2014D987620EF751D38A281 /* TogetherRelayTransport.swift */ = {isa = PBXFileReference; includeInIndex = 1; lastKnownFileType = sourcecode.swift; name = TogetherRelayTransport.swift; path = Together/TogetherRelayTransport.swift; sourceTree = "<group>"; };
		F3ACB7FB8B3B137FFF4B6179 /* KaeruApp.swift */ = {isa = PBXFileReference; includeInIndex = 1; lastKnownFileType = sourcecode.swift; name = KaeruApp.swift; path = App/KaeruApp.swift; sourceTree = "<group>"; };
		F9301B985EF946B48A65B9CB /* TogetherInvitation.swift */ = {isa = PBXFileReference; includeInIndex = 1; lastKnownFileType = sourcecode.swift; name = TogetherInvitation.swift; path = Together/TogetherInvitation.swift; sourceTree = "<group>"; };
		F94317912CD793607D8215C3 /* LibraryView.swift */ = {isa = PBXFileReference; includeInIndex = 1; lastKnownFileType = sourcecode.swift; name = LibraryView.swift; path = Features/LibraryView.swift; sourceTree = "<group>"; };
		FA0E555CE3D1E3AC9D5517F4 /* TogetherView.swift */ = {isa = PBXFileReference; includeInIndex = 1; lastKnownFileType = sourcecode.swift; name = TogetherView.swift; path = Features/TogetherView.swift; sourceTree = "<group>"; };
/* End PBXFileReference section */

/* Begin PBXFrameworksBuildPhase section */
		188CDAAC7D7C0DB203F910A1 /* Frameworks */ = {
			isa = PBXFrameworksBuildPhase;
			buildActionMask = 2147483647;
			files = (
				ED6864935E7242847ABAA4FD /* Foundation.framework in Frameworks */,
				18CBAEA19F867AED124DB1BC /* GoogleCast.xcframework in Frameworks */,
			);
			runOnlyForDeploymentPostprocessing = 0;
		};
		5F0C171563320AD2758D5D35 /* Frameworks */ = {
			isa = PBXFrameworksBuildPhase;
			buildActionMask = 2147483647;
			files = (
				0B7F41B25131C289ACE4EDFE /* Foundation.framework in Frameworks */,
			);
			runOnlyForDeploymentPostprocessing = 0;
		};
		89D80AC73B7CD39F037D27AA /* Frameworks */ = {
			isa = PBXFrameworksBuildPhase;
			buildActionMask = 2147483647;
			files = (
				4402CC5FF5BE7CA69C27F5EA /* Foundation.framework in Frameworks */,
			);
			runOnlyForDeploymentPostprocessing = 0;
		};
/* End PBXFrameworksBuildPhase section */

/* Begin PBXGroup section */
		0B5595F733783BF40951A8F9 = {
			isa = PBXGroup;
			children = (
				B34988586DB11BF5F41B9334 /* Products */,
				32855376E3565379278AB975 /* Frameworks */,
				9A5AD9342B75BAAC89D777B3 /* Kaeru */,
			);
			sourceTree = "<group>";
		};
		32855376E3565379278AB975 /* Frameworks */ = {
			isa = PBXGroup;
			children = (
				EA2586AB97D25C11E3FB4DB0 /* iOS */,
			);
			name = Frameworks;
			sourceTree = "<group>";
		};
		9A5AD9342B75BAAC89D777B3 /* Kaeru */ = {
			isa = PBXGroup;
			children = (
				60DD853408F1E13F0B17F807 /* Configuration.plist */,
				CC9844DA245B70F78685854E /* Assets.xcassets */,
				842DBB77708AECB606809597 /* GoogleCast.xcframework */,
				C9C3546568514E553676A2E7 /* ApplicationRuntime.swift */,
				F3ACB7FB8B3B137FFF4B6179 /* KaeruApp.swift */,
				5586AE9E27C2C260652F01A3 /* CastManager.swift */,
				CEB6FA43CDB575C576570AB9 /* CastPlaybackState.swift */,
				9E417C5A6FEA8640906389C7 /* CastViews.swift */,
				ED13E17103E7C6D5BB40C69C /* GoogleCastTransport.swift */,
				02838E867E80FB7A35097A9C /* AppModel.swift */,
				27A2A43A1909EE72D4E4F234 /* Authentication.swift */,
				9560BE47EED3035BEE703594 /* ContinueTarget.swift */,
				4403D3919CE4AADFB2153E49 /* DeepLink.swift */,
				3EAB2AE01493E60B5B63C72D /* LocalStore.swift */,
				9B12C9B8AD6FD98989607D28 /* Models.swift */,
				DEDABE2156CFB12FBA17AF71 /* Preferences.swift */,
				1955F5B197939FF222F1E3D5 /* Service.swift */,
				3BA463A502F30D8077BA9CAE /* LANConnection.swift */,
				1934EE3F5200DF000130B70B /* PairingCoordinator.swift */,
				7B8D926461D7589D96A24FA9 /* PairingProtocol.swift */,
				E42E954C9976C55A784734B9 /* TVPairingClient.swift */,
				6A6754A69D3F15039C04AD9A /* CatalogComponents.swift */,
				0DD68B5E982973CE5A540F37 /* CatalogPresentation.swift */,
				A5ADC5EA8385E636CCE6E267 /* DetailView.swift */,
				5C6F5CC1CCF00AE841D4E145 /* DevicePairingView.swift */,
				856B9A5C9BE68A740812BE9C /* DownloadsView.swift */,
				D710A956E180FAE93B2C9071 /* HomeView.swift */,
				F94317912CD793607D8215C3 /* LibraryView.swift */,
				0724DE6EC4228B51ADAABED3 /* PlayerScreen.swift */,
				6A26FE5644EC6C797F502502 /* QRScannerView.swift */,
				6ABB8D19D300E33DD44C5B60 /* RootView.swift */,
				D45476ABEE3A2E412F5EBA86 /* SearchView.swift */,
				C521664252465549AE668DE2 /* SettingsView.swift */,
				FA0E555CE3D1E3AC9D5517F4 /* TogetherView.swift */,
				DA2F74A21739DCBB602EF5BD /* EpisodeNotificationPlan.swift */,
				C5AC2BADD9FA5BC1661F6203 /* EpisodeNotificationService.swift */,
				151AA05437813F7BED7FDBDC /* EpisodeReleaseState.swift */,
				316E96582FCB45FD3EE92609 /* BackgroundTransfers.swift */,
				8495B49E1FD1A1301DF8B223 /* DownloadManager.swift */,
				7FCFD197D4FD5646564071CE /* OfflineCatalog.swift */,
				2EF2F7F075BCB6EB3A56C619 /* AniSkipClient.swift */,
				6B2598901C4478F2C45AC57A /* NativePlayer.swift */,
				A920F27E48F68B07E5847BD5 /* PlaybackMediaControls.swift */,
				9EAB868B1419453032C1BA15 /* PlaybackModel.swift */,
				6957EEEB729ADDCE6E16905D /* PlaybackPolicy.swift */,
				1BADD53791948D6E0010FBE7 /* AppModelTests.swift */,
				606D2ACAFDB8B05CD39C48D7 /* AppearanceTests.swift */,
				26C5C2F96BF56C50F5F92127 /* CastCoreTests.swift */,
				757292EF4D7C7FF7E43B08C3 /* CastManagerTests.swift */,
				773EB5D9718DFA7E035C077B /* ContinuationTests.swift */,
				CBF7D1D4F6133C235E619759 /* DeepLinkTests.swift */,
				49A4735E4E25CB429EDBC1B9 /* DomainTests.swift */,
				1B813BA5699F1D87B35AEF46 /* KeychainTests.swift */,
				C039C910F1C2908DB5DF2718 /* LiveServiceTests.swift */,
				EB2581BA3393E2A1655280C3 /* OfflineCoreTests.swift */,
				BEDCD6ABD168500771F09E44 /* PairingCoordinatorTests.swift */,
				7448FBA03C2CE75262855F97 /* PairingProtocolTests.swift */,
				873AAAFBEED320CA3AFF83F1 /* PlaybackParityTests.swift */,
				A6799A434E994B10E9B77249 /* TogetherManagerTests.swift */,
				6351E7F1F3BEDCB689F51D9C /* TogetherProtocolTests.swift */,
				2BD2A154EB154D7175B03293 /* TogetherReconnectTests.swift */,
				4CC7DFA4B2288A09C6461C1E /* TogetherSyncTests.swift */,
				1345B1E9A6B69BD9C93D15F4 /* NavigationTests.swift */,
				8A87EE36E6D96717591923CB /* PlaybackTogetherAdapter.swift */,
				61577AC76C3111798002F97A /* TogetherCodec.swift */,
				F9301B985EF946B48A65B9CB /* TogetherInvitation.swift */,
				D67A8333D0191793B4AF2D55 /* TogetherLANTransport.swift */,
				4001DDD508BE27B2B3548A91 /* TogetherManager.swift */,
				1D2E7F0D4F6518A3D694030B /* TogetherPlayback.swift */,
				CB577D9DF1519B7F25594DD2 /* TogetherPolicy.swift */,
				BA334E761B6D190122CE1C98 /* TogetherReconnect.swift */,
				F2014D987620EF751D38A281 /* TogetherRelayTransport.swift */,
			);
			name = Kaeru;
			path = ..;
			sourceTree = "<group>";
		};
		B34988586DB11BF5F41B9334 /* Products */ = {
			isa = PBXGroup;
			children = (
				DDD6DBB50DC357ACFAFBC85A /* Kaeru.app */,
				BFCD3208CC3FD1E03B58DEE0 /* KaeruTests.xctest */,
				44499CDFBFCE7638A5F447C7 /* KaeruUITests.xctest */,
			);
			name = Products;
			sourceTree = "<group>";
		};
		EA2586AB97D25C11E3FB4DB0 /* iOS */ = {
			isa = PBXGroup;
			children = (
				6B2C70EF24159DE02A9BFC34 /* Foundation.framework */,
			);
			name = iOS;
			sourceTree = "<group>";
		};
/* End PBXGroup section */

/* Begin PBXNativeTarget section */
		1B9FEC563FB02E54D23BA3DD /* KaeruTests */ = {
			isa = PBXNativeTarget;
			buildConfigurationList = B9B80D45C4A752E0E030B0BC /* Build configuration list for PBXNativeTarget "KaeruTests" */;
			buildPhases = (
				3F3B65391DE5CBE402C9F3A6 /* Sources */,
				5F0C171563320AD2758D5D35 /* Frameworks */,
				B30142243ACDF60F11559C65 /* Resources */,
			);
			buildRules = (
			);
			dependencies = (
				3632AB46D0EBC0AB3532E5B6 /* PBXTargetDependency */,
			);
			name = KaeruTests;
			productName = KaeruTests;
			productReference = BFCD3208CC3FD1E03B58DEE0 /* KaeruTests.xctest */;
			productType = "com.apple.product-type.bundle.unit-test";
		};
		8AD95FA7EF46650926A58D38 /* KaeruUITests */ = {
			isa = PBXNativeTarget;
			buildConfigurationList = 533AE7BEF37F0A43CB5B3500 /* Build configuration list for PBXNativeTarget "KaeruUITests" */;
			buildPhases = (
				0243B75500EF55BDFA97BAD6 /* Sources */,
				89D80AC73B7CD39F037D27AA /* Frameworks */,
				461A7AF9B0037AE0A2072F3A /* Resources */,
			);
			buildRules = (
			);
			dependencies = (
				CE96A807F41564FFB3EB01EE /* PBXTargetDependency */,
			);
			name = KaeruUITests;
			productName = KaeruUITests;
			productReference = 44499CDFBFCE7638A5F447C7 /* KaeruUITests.xctest */;
			productType = "com.apple.product-type.bundle.ui-testing";
		};
		AED49F557F9E64BB29F49FB1 /* Kaeru */ = {
			isa = PBXNativeTarget;
			buildConfigurationList = 2201C9A0D76293FDE49D4B6F /* Build configuration list for PBXNativeTarget "Kaeru" */;
			buildPhases = (
				5A06E90403EF823BDB9A6A7B /* Build shared framework */,
				F1767751A1BBB92D23E9F689 /* Sources */,
				188CDAAC7D7C0DB203F910A1 /* Frameworks */,
				7DF467B69AECBCB020C63D99 /* Resources */,
			);
			buildRules = (
			);
			dependencies = (
			);
			name = Kaeru;
			packageProductDependencies = (
				192A3DC1FB16B3490ED62789 /* GTMSessionFetcherCore */,
			);
			productName = Kaeru;
			productReference = DDD6DBB50DC357ACFAFBC85A /* Kaeru.app */;
			productType = "com.apple.product-type.application";
		};
/* End PBXNativeTarget section */

/* Begin PBXProject section */
		D329FD63283DB2030666E7A5 /* Project object */ = {
			isa = PBXProject;
			attributes = {
				LastSwiftUpdateCheck = 1300;
				LastUpgradeCheck = 1300;
			};
			buildConfigurationList = 74D513AEE65825FBAA0D7F97 /* Build configuration list for PBXProject "Kaeru" */;
			compatibilityVersion = "Xcode 3.2";
			developmentRegion = en;
			hasScannedForEncodings = 0;
			knownRegions = (
				en,
				Base,
			);
			mainGroup = 0B5595F733783BF40951A8F9;
			packageReferences = (
				66E58C2DD8821E1D959E98F0 /* XCRemoteSwiftPackageReference "gtm-session-fetcher.git" */,
			);
			productRefGroup = B34988586DB11BF5F41B9334 /* Products */;
			projectDirPath = "";
			projectRoot = "";
			targets = (
				AED49F557F9E64BB29F49FB1 /* Kaeru */,
				1B9FEC563FB02E54D23BA3DD /* KaeruTests */,
				8AD95FA7EF46650926A58D38 /* KaeruUITests */,
			);
		};
/* End PBXProject section */

/* Begin PBXResourcesBuildPhase section */
		461A7AF9B0037AE0A2072F3A /* Resources */ = {
			isa = PBXResourcesBuildPhase;
			buildActionMask = 2147483647;
			files = (
			);
			runOnlyForDeploymentPostprocessing = 0;
		};
		7DF467B69AECBCB020C63D99 /* Resources */ = {
			isa = PBXResourcesBuildPhase;
			buildActionMask = 2147483647;
			files = (
				214B83111D5884AB8779D104 /* Configuration.plist in Resources */,
				D96FF6C1F0F3BDE3F4036060 /* Assets.xcassets in Resources */,
			);
			runOnlyForDeploymentPostprocessing = 0;
		};
		B30142243ACDF60F11559C65 /* Resources */ = {
			isa = PBXResourcesBuildPhase;
			buildActionMask = 2147483647;
			files = (
			);
			runOnlyForDeploymentPostprocessing = 0;
		};
/* End PBXResourcesBuildPhase section */

/* Begin PBXShellScriptBuildPhase section */
		5A06E90403EF823BDB9A6A7B /* Build shared framework */ = {
			isa = PBXShellScriptBuildPhase;
			alwaysOutOfDate = 1;
			buildActionMask = 2147483647;
			files = (
			);
			inputFileListPaths = (
			);
			inputPaths = (
			);
			name = "Build shared framework";
			outputFileListPaths = (
			);
			outputPaths = (
			);
			runOnlyForDeploymentPostprocessing = 0;
			shellPath = /bin/sh;
			shellScript = "/bin/sh \"$SRCROOT/../Scripts/BuildSharedFramework.sh\"";
		};
/* End PBXShellScriptBuildPhase section */

/* Begin PBXSourcesBuildPhase section */
		0243B75500EF55BDFA97BAD6 /* Sources */ = {
			isa = PBXSourcesBuildPhase;
			buildActionMask = 2147483647;
			files = (
				BF45D596E40FE27A48B839A0 /* NavigationTests.swift in Sources */,
			);
			runOnlyForDeploymentPostprocessing = 0;
		};
		3F3B65391DE5CBE402C9F3A6 /* Sources */ = {
			isa = PBXSourcesBuildPhase;
			buildActionMask = 2147483647;
			files = (
				6D9F0060B076465A8E0BCF4D /* AppModelTests.swift in Sources */,
				F290534B23E5B19916F39A26 /* AppearanceTests.swift in Sources */,
				569E095FAC3D9F5FBF28236B /* CastCoreTests.swift in Sources */,
				EC7EE99E3D74280DDDC6C683 /* CastManagerTests.swift in Sources */,
				71C6764A1BA01B826C37BF5B /* ContinuationTests.swift in Sources */,
				88ADCF28CC02A93BF4ACC394 /* DeepLinkTests.swift in Sources */,
				614BA4C9381E4764A659CF0D /* DomainTests.swift in Sources */,
				5BF1563C5EE6F81C11AC9848 /* KeychainTests.swift in Sources */,
				2F54B849DAF217C39EE272F5 /* LiveServiceTests.swift in Sources */,
				CB49D58B5DB072389A1B2083 /* OfflineCoreTests.swift in Sources */,
				02C4F208195D005D59340A74 /* PairingCoordinatorTests.swift in Sources */,
				AC1297F2A2A3D4EC3B57D1B6 /* PairingProtocolTests.swift in Sources */,
				FD31E6017C65EF306DAAFBB9 /* PlaybackParityTests.swift in Sources */,
				FF7EF77EFFA9529777ABD912 /* TogetherManagerTests.swift in Sources */,
				7E22290108D1B6E711F09951 /* TogetherProtocolTests.swift in Sources */,
				13C4C237A9B5736DCEF6282F /* TogetherReconnectTests.swift in Sources */,
				9B2E9B8171BD309878DA4B31 /* TogetherSyncTests.swift in Sources */,
			);
			runOnlyForDeploymentPostprocessing = 0;
		};
		F1767751A1BBB92D23E9F689 /* Sources */ = {
			isa = PBXSourcesBuildPhase;
			buildActionMask = 2147483647;
			files = (
				9E9834D08EDE0894A2268841 /* ApplicationRuntime.swift in Sources */,
				B289A750E041287560B462BA /* KaeruApp.swift in Sources */,
				C870AD0BF78C4943F66C5F6A /* CastManager.swift in Sources */,
				5F7EF152FB168C7617C6DBF8 /* CastPlaybackState.swift in Sources */,
				678250AE9C9D558785C7CE21 /* CastViews.swift in Sources */,
				D3D0B3AFF48A7DEEB54776E9 /* GoogleCastTransport.swift in Sources */,
				75B4DA5879B891A53D33C3AF /* AppModel.swift in Sources */,
				4A071ECDDBEDEA2220D005E2 /* Authentication.swift in Sources */,
				409F2636F51D09D048A5F6B5 /* ContinueTarget.swift in Sources */,
				4AD113A9421CF9426BD038F7 /* DeepLink.swift in Sources */,
				3BC3D8ECE85DD0C7E269A58C /* LocalStore.swift in Sources */,
				DABD8B5E500ED8A6BB9AB5C4 /* Models.swift in Sources */,
				BC5F79803ACE5A7D056550EC /* Preferences.swift in Sources */,
				4760CCDCF9A9F622BF7077B6 /* Service.swift in Sources */,
				A399FFE92D2707B32421FE51 /* LANConnection.swift in Sources */,
				106D339145861D6B78CAB04F /* PairingCoordinator.swift in Sources */,
				DC2AF848CEB210EE6F0D7DE2 /* PairingProtocol.swift in Sources */,
				ACC69A6B5F53300BDCE39853 /* TVPairingClient.swift in Sources */,
				396EC7A7A16B5DDA08F66D67 /* CatalogComponents.swift in Sources */,
				3A0EDFBA3CC03F15E8396381 /* CatalogPresentation.swift in Sources */,
				F76EDD735C162F97F0C43616 /* DetailView.swift in Sources */,
				B0CED769767E3FFAB575E670 /* DevicePairingView.swift in Sources */,
				D491B6030103677B2377CD62 /* DownloadsView.swift in Sources */,
				0D03EC2A2C4B2D2E95B90F50 /* HomeView.swift in Sources */,
				F854A0F11F581D59DDDCD2C3 /* LibraryView.swift in Sources */,
				D8D343B70008B7093CA3299F /* PlayerScreen.swift in Sources */,
				C95BFD666C85D7AD73F57C4A /* QRScannerView.swift in Sources */,
				AB27AE5669A3990CB392E699 /* RootView.swift in Sources */,
				7DD30A8295A382E347FEF4DF /* SearchView.swift in Sources */,
				B2641F9B5724E28240B4E24A /* SettingsView.swift in Sources */,
				74755B323A95E4DEC0DECFB5 /* TogetherView.swift in Sources */,
				5DAAA281281D35659E4D1A2F /* EpisodeNotificationPlan.swift in Sources */,
				C5CF4EFB64258DA5F02A10EE /* EpisodeNotificationService.swift in Sources */,
				3FAA282F149DE69AFB15C52F /* EpisodeReleaseState.swift in Sources */,
				C6B19D88AD77D2354C0D7F07 /* BackgroundTransfers.swift in Sources */,
				608AE0AD7A04BF200EE9860E /* DownloadManager.swift in Sources */,
				E5521BC361ECB22C5E83F532 /* OfflineCatalog.swift in Sources */,
				5ECD8515C81F3D1E091FF0CD /* AniSkipClient.swift in Sources */,
				E787D807BB7CF9B473F855BC /* NativePlayer.swift in Sources */,
				5D7A0A675946B025C67F2EDF /* PlaybackMediaControls.swift in Sources */,
				83D456C71BC2955435766972 /* PlaybackModel.swift in Sources */,
				61EA135E77E8E7AEE5A2BB6B /* PlaybackPolicy.swift in Sources */,
				A5BE94AB3961CB1A67C5F726 /* PlaybackTogetherAdapter.swift in Sources */,
				21EB2AD0542A694377B9CAC1 /* TogetherCodec.swift in Sources */,
				F017D9718FEC5C78AAB49FE1 /* TogetherInvitation.swift in Sources */,
				F1F9674D4B4F617BC5238642 /* TogetherLANTransport.swift in Sources */,
				FF4C85F05E1BC817EB9A9451 /* TogetherManager.swift in Sources */,
				46AE6B3737CB78A7C85336BE /* TogetherPlayback.swift in Sources */,
				C995E9BB04528625868F65B0 /* TogetherPolicy.swift in Sources */,
				D437676CBC54A97751D2CECF /* TogetherReconnect.swift in Sources */,
				09F11E5CC83960193F643CD4 /* TogetherRelayTransport.swift in Sources */,
			);
			runOnlyForDeploymentPostprocessing = 0;
		};
/* End PBXSourcesBuildPhase section */

/* Begin PBXTargetDependency section */
		3632AB46D0EBC0AB3532E5B6 /* PBXTargetDependency */ = {
			isa = PBXTargetDependency;
			name = Kaeru;
			target = AED49F557F9E64BB29F49FB1 /* Kaeru */;
			targetProxy = 770CFC81CEACFA1B7EF0F932 /* PBXContainerItemProxy */;
		};
		CE96A807F41564FFB3EB01EE /* PBXTargetDependency */ = {
			isa = PBXTargetDependency;
			name = Kaeru;
			target = AED49F557F9E64BB29F49FB1 /* Kaeru */;
			targetProxy = 96C26A854FCB035FD205776B /* PBXContainerItemProxy */;
		};
/* End PBXTargetDependency section */

/* Begin XCBuildConfiguration section */
		063B35C2E42C2F8FC477E332 /* Release */ = {
			isa = XCBuildConfiguration;
			buildSettings = {
				ARCHS = arm64;
				BUNDLE_LOADER = "$(TEST_HOST)";
				CLANG_ENABLE_OBJC_WEAK = NO;
				ENABLE_USER_SCRIPT_SANDBOXING = NO;
				FRAMEWORK_SEARCH_PATHS = (
					"$(inherited)",
					"$(SRCROOT)/../../shared/build/xcode-frameworks/$(CONFIGURATION)/$(SDK_NAME)",
				);
				GENERATE_INFOPLIST_FILE = YES;
				IPHONEOS_DEPLOYMENT_TARGET = 17.0;
				LD_RUNPATH_SEARCH_PATHS = "$(inherited) @executable_path/Frameworks";
				OTHER_LDFLAGS = (
					"$(inherited)",
					"-framework",
					KaeruShared,
				);
				PRODUCT_BUNDLE_IDENTIFIER = app.kaeru.ios.kaerutests;
				SDKROOT = iphoneos;
				SWIFT_EMIT_LOC_STRINGS = YES;
				SWIFT_VERSION = 5.0;
				TARGETED_DEVICE_FAMILY = "1,2";
				TEST_HOST = "$(BUILT_PRODUCTS_DIR)/Kaeru.app/$(BUNDLE_EXECUTABLE_FOLDER_PATH)/Kaeru";
				VALIDATE_PRODUCT = YES;
			};
			name = Release;
		};
		099B77FE13F42D438476EF5C /* Release */ = {
			isa = XCBuildConfiguration;
			buildSettings = {
				ARCHS = arm64;
				CLANG_ENABLE_OBJC_WEAK = NO;
				ENABLE_USER_SCRIPT_SANDBOXING = NO;
				FRAMEWORK_SEARCH_PATHS = (
					"$(inherited)",
					"$(SRCROOT)/../../shared/build/xcode-frameworks/$(CONFIGURATION)/$(SDK_NAME)",
				);
				GENERATE_INFOPLIST_FILE = YES;
				IPHONEOS_DEPLOYMENT_TARGET = 17.0;
				LD_RUNPATH_SEARCH_PATHS = "$(inherited) @executable_path/Frameworks";
				OTHER_LDFLAGS = (
					"$(inherited)",
					"-framework",
					KaeruShared,
				);
				PRODUCT_BUNDLE_IDENTIFIER = app.kaeru.ios.kaeruuitests;
				SDKROOT = iphoneos;
				SWIFT_EMIT_LOC_STRINGS = YES;
				SWIFT_VERSION = 5.0;
				TARGETED_DEVICE_FAMILY = "1,2";
				TEST_TARGET_NAME = Kaeru;
				VALIDATE_PRODUCT = YES;
			};
			name = Release;
		};
		330E2EF84AC27B90209D0F83 /* Debug */ = {
			isa = XCBuildConfiguration;
			buildSettings = {
				ARCHS = arm64;
				BUNDLE_LOADER = "$(TEST_HOST)";
				CLANG_ENABLE_OBJC_WEAK = NO;
				ENABLE_USER_SCRIPT_SANDBOXING = NO;
				FRAMEWORK_SEARCH_PATHS = (
					"$(inherited)",
					"$(SRCROOT)/../../shared/build/xcode-frameworks/$(CONFIGURATION)/$(SDK_NAME)",
				);
				GENERATE_INFOPLIST_FILE = YES;
				IPHONEOS_DEPLOYMENT_TARGET = 17.0;
				LD_RUNPATH_SEARCH_PATHS = "$(inherited) @executable_path/Frameworks";
				OTHER_LDFLAGS = (
					"$(inherited)",
					"-framework",
					KaeruShared,
				);
				PRODUCT_BUNDLE_IDENTIFIER = app.kaeru.ios.kaerutests;
				SDKROOT = iphoneos;
				SWIFT_EMIT_LOC_STRINGS = YES;
				SWIFT_VERSION = 5.0;
				TARGETED_DEVICE_FAMILY = "1,2";
				TEST_HOST = "$(BUILT_PRODUCTS_DIR)/Kaeru.app/$(BUNDLE_EXECUTABLE_FOLDER_PATH)/Kaeru";
			};
			name = Debug;
		};
		46344A9A230FC765B261978F /* Debug */ = {
			isa = XCBuildConfiguration;
			buildSettings = {
				ARCHS = arm64;
				ASSETCATALOG_COMPILER_APPICON_NAME = AppIcon;
				ASSETCATALOG_COMPILER_GLOBAL_ACCENT_COLOR_NAME = AccentColor;
				CLANG_ENABLE_OBJC_WEAK = NO;
				CODE_SIGN_ENTITLEMENTS = Kaeru.entitlements;
				DEVELOPMENT_TEAM = TXY49DW96F;
				ENABLE_USER_SCRIPT_SANDBOXING = NO;
				FRAMEWORK_SEARCH_PATHS = (
					"$(inherited)",
					"$(SRCROOT)/../../shared/build/xcode-frameworks/$(CONFIGURATION)/$(SDK_NAME)",
					"$(SRCROOT)/../Dependencies/GoogleCastSDK-ios-4.8.6_static_xcframework/GoogleCast.xcframework",
				);
				GENERATE_INFOPLIST_FILE = YES;
				INFOPLIST_FILE = Info.plist;
				INFOPLIST_KEY_CFBundleDisplayName = Kaeru;
				INFOPLIST_KEY_UIApplicationSceneManifest_Generation = YES;
				INFOPLIST_KEY_UILaunchScreen_Generation = YES;
				INFOPLIST_KEY_UISupportedInterfaceOrientations = "UIInterfaceOrientationPortrait UIInterfaceOrientationLandscapeLeft UIInterfaceOrientationLandscapeRight";
				INFOPLIST_KEY_UISupportedInterfaceOrientations_iPad = "UIInterfaceOrientationPortrait UIInterfaceOrientationPortraitUpsideDown UIInterfaceOrientationLandscapeLeft UIInterfaceOrientationLandscapeRight";
				IPHONEOS_DEPLOYMENT_TARGET = 17.0;
				LD_RUNPATH_SEARCH_PATHS = "$(inherited) @executable_path/Frameworks";
				OTHER_LDFLAGS = (
					"$(inherited)",
					"-ObjC",
					"-lc++",
					"-framework",
					KaeruShared,
					"-framework",
					GoogleCast,
				);
				PRODUCT_BUNDLE_IDENTIFIER = app.kaeru.ios;
				SDKROOT = iphoneos;
				SWIFT_EMIT_LOC_STRINGS = YES;
				SWIFT_VERSION = 5.0;
				TARGETED_DEVICE_FAMILY = "1,2";
			};
			name = Debug;
		};
		86907B8801A964CCDAC51249 /* Debug */ = {
			isa = XCBuildConfiguration;
			buildSettings = {
				ARCHS = arm64;
				CLANG_ENABLE_OBJC_WEAK = NO;
				ENABLE_USER_SCRIPT_SANDBOXING = NO;
				FRAMEWORK_SEARCH_PATHS = (
					"$(inherited)",
					"$(SRCROOT)/../../shared/build/xcode-frameworks/$(CONFIGURATION)/$(SDK_NAME)",
				);
				GENERATE_INFOPLIST_FILE = YES;
				IPHONEOS_DEPLOYMENT_TARGET = 17.0;
				LD_RUNPATH_SEARCH_PATHS = "$(inherited) @executable_path/Frameworks";
				OTHER_LDFLAGS = (
					"$(inherited)",
					"-framework",
					KaeruShared,
				);
				PRODUCT_BUNDLE_IDENTIFIER = app.kaeru.ios.kaeruuitests;
				SDKROOT = iphoneos;
				SWIFT_EMIT_LOC_STRINGS = YES;
				SWIFT_VERSION = 5.0;
				TARGETED_DEVICE_FAMILY = "1,2";
				TEST_TARGET_NAME = Kaeru;
			};
			name = Debug;
		};
		877AE71C2EEED8DD7FC3F7F6 /* Release */ = {
			isa = XCBuildConfiguration;
			buildSettings = {
				ALWAYS_SEARCH_USER_PATHS = NO;
				CLANG_ANALYZER_NONNULL = YES;
				CLANG_ANALYZER_NUMBER_OBJECT_CONVERSION = YES_AGGRESSIVE;
				CLANG_CXX_LANGUAGE_STANDARD = "gnu++14";
				CLANG_CXX_LIBRARY = "libc++";
				CLANG_ENABLE_MODULES = YES;
				CLANG_ENABLE_OBJC_ARC = YES;
				CLANG_ENABLE_OBJC_WEAK = YES;
				CLANG_WARN_BLOCK_CAPTURE_AUTORELEASING = YES;
				CLANG_WARN_BOOL_CONVERSION = YES;
				CLANG_WARN_COMMA = YES;
				CLANG_WARN_CONSTANT_CONVERSION = YES;
				CLANG_WARN_DEPRECATED_OBJC_IMPLEMENTATIONS = YES;
				CLANG_WARN_DIRECT_OBJC_ISA_USAGE = YES_ERROR;
				CLANG_WARN_DOCUMENTATION_COMMENTS = YES;
				CLANG_WARN_EMPTY_BODY = YES;
				CLANG_WARN_ENUM_CONVERSION = YES;
				CLANG_WARN_INFINITE_RECURSION = YES;
				CLANG_WARN_INT_CONVERSION = YES;
				CLANG_WARN_NON_LITERAL_NULL_CONVERSION = YES;
				CLANG_WARN_OBJC_IMPLICIT_RETAIN_SELF = YES;
				CLANG_WARN_OBJC_LITERAL_CONVERSION = YES;
				CLANG_WARN_OBJC_ROOT_CLASS = YES_ERROR;
				CLANG_WARN_QUOTED_INCLUDE_IN_FRAMEWORK_HEADER = YES;
				CLANG_WARN_RANGE_LOOP_ANALYSIS = YES;
				CLANG_WARN_STRICT_PROTOTYPES = YES;
				CLANG_WARN_SUSPICIOUS_MOVE = YES;
				CLANG_WARN_UNGUARDED_AVAILABILITY = YES_AGGRESSIVE;
				CLANG_WARN_UNREACHABLE_CODE = YES;
				CLANG_WARN__DUPLICATE_METHOD_MATCH = YES;
				COPY_PHASE_STRIP = NO;
				DEBUG_INFORMATION_FORMAT = "dwarf-with-dsym";
				ENABLE_NS_ASSERTIONS = NO;
				ENABLE_STRICT_OBJC_MSGSEND = YES;
				GCC_C_LANGUAGE_STANDARD = gnu11;
				GCC_NO_COMMON_BLOCKS = YES;
				GCC_WARN_64_TO_32_BIT_CONVERSION = YES;
				GCC_WARN_ABOUT_RETURN_TYPE = YES_ERROR;
				GCC_WARN_UNDECLARED_SELECTOR = YES;
				GCC_WARN_UNINITIALIZED_AUTOS = YES_AGGRESSIVE;
				GCC_WARN_UNUSED_FUNCTION = YES;
				GCC_WARN_UNUSED_VARIABLE = YES;
				MTL_ENABLE_DEBUG_INFO = NO;
				MTL_FAST_MATH = YES;
				PRODUCT_NAME = "$(TARGET_NAME)";
				SWIFT_COMPILATION_MODE = wholemodule;
				SWIFT_OPTIMIZATION_LEVEL = "-O";
				SWIFT_VERSION = 5.0;
			};
			name = Release;
		};
		9DD814A5EE7CE73F476D15EE /* Debug */ = {
			isa = XCBuildConfiguration;
			buildSettings = {
				ALWAYS_SEARCH_USER_PATHS = NO;
				CLANG_ANALYZER_NONNULL = YES;
				CLANG_ANALYZER_NUMBER_OBJECT_CONVERSION = YES_AGGRESSIVE;
				CLANG_CXX_LANGUAGE_STANDARD = "gnu++14";
				CLANG_CXX_LIBRARY = "libc++";
				CLANG_ENABLE_MODULES = YES;
				CLANG_ENABLE_OBJC_ARC = YES;
				CLANG_ENABLE_OBJC_WEAK = YES;
				CLANG_WARN_BLOCK_CAPTURE_AUTORELEASING = YES;
				CLANG_WARN_BOOL_CONVERSION = YES;
				CLANG_WARN_COMMA = YES;
				CLANG_WARN_CONSTANT_CONVERSION = YES;
				CLANG_WARN_DEPRECATED_OBJC_IMPLEMENTATIONS = YES;
				CLANG_WARN_DIRECT_OBJC_ISA_USAGE = YES_ERROR;
				CLANG_WARN_DOCUMENTATION_COMMENTS = YES;
				CLANG_WARN_EMPTY_BODY = YES;
				CLANG_WARN_ENUM_CONVERSION = YES;
				CLANG_WARN_INFINITE_RECURSION = YES;
				CLANG_WARN_INT_CONVERSION = YES;
				CLANG_WARN_NON_LITERAL_NULL_CONVERSION = YES;
				CLANG_WARN_OBJC_IMPLICIT_RETAIN_SELF = YES;
				CLANG_WARN_OBJC_LITERAL_CONVERSION = YES;
				CLANG_WARN_OBJC_ROOT_CLASS = YES_ERROR;
				CLANG_WARN_QUOTED_INCLUDE_IN_FRAMEWORK_HEADER = YES;
				CLANG_WARN_RANGE_LOOP_ANALYSIS = YES;
				CLANG_WARN_STRICT_PROTOTYPES = YES;
				CLANG_WARN_SUSPICIOUS_MOVE = YES;
				CLANG_WARN_UNGUARDED_AVAILABILITY = YES_AGGRESSIVE;
				CLANG_WARN_UNREACHABLE_CODE = YES;
				CLANG_WARN__DUPLICATE_METHOD_MATCH = YES;
				COPY_PHASE_STRIP = NO;
				DEBUG_INFORMATION_FORMAT = dwarf;
				ENABLE_STRICT_OBJC_MSGSEND = YES;
				ENABLE_TESTABILITY = YES;
				GCC_C_LANGUAGE_STANDARD = gnu11;
				GCC_DYNAMIC_NO_PIC = NO;
				GCC_NO_COMMON_BLOCKS = YES;
				GCC_OPTIMIZATION_LEVEL = 0;
				GCC_PREPROCESSOR_DEFINITIONS = (
					"DEBUG=1",
					"$(inherited)",
				);
				GCC_WARN_64_TO_32_BIT_CONVERSION = YES;
				GCC_WARN_ABOUT_RETURN_TYPE = YES_ERROR;
				GCC_WARN_UNDECLARED_SELECTOR = YES;
				GCC_WARN_UNINITIALIZED_AUTOS = YES_AGGRESSIVE;
				GCC_WARN_UNUSED_FUNCTION = YES;
				GCC_WARN_UNUSED_VARIABLE = YES;
				MTL_ENABLE_DEBUG_INFO = INCLUDE_SOURCE;
				MTL_FAST_MATH = YES;
				ONLY_ACTIVE_ARCH = YES;
				PRODUCT_NAME = "$(TARGET_NAME)";
				SWIFT_ACTIVE_COMPILATION_CONDITIONS = DEBUG;
				SWIFT_OPTIMIZATION_LEVEL = "-Onone";
				SWIFT_VERSION = 5.0;
			};
			name = Debug;
		};
		F40408CB2CA82F3CAB1C77B6 /* Release */ = {
			isa = XCBuildConfiguration;
			buildSettings = {
				ARCHS = arm64;
				ASSETCATALOG_COMPILER_APPICON_NAME = AppIcon;
				ASSETCATALOG_COMPILER_GLOBAL_ACCENT_COLOR_NAME = AccentColor;
				CLANG_ENABLE_OBJC_WEAK = NO;
				CODE_SIGN_ENTITLEMENTS = Kaeru.entitlements;
				DEVELOPMENT_TEAM = TXY49DW96F;
				ENABLE_USER_SCRIPT_SANDBOXING = NO;
				FRAMEWORK_SEARCH_PATHS = (
					"$(inherited)",
					"$(SRCROOT)/../../shared/build/xcode-frameworks/$(CONFIGURATION)/$(SDK_NAME)",
					"$(SRCROOT)/../Dependencies/GoogleCastSDK-ios-4.8.6_static_xcframework/GoogleCast.xcframework",
				);
				GENERATE_INFOPLIST_FILE = YES;
				INFOPLIST_FILE = Info.plist;
				INFOPLIST_KEY_CFBundleDisplayName = Kaeru;
				INFOPLIST_KEY_UIApplicationSceneManifest_Generation = YES;
				INFOPLIST_KEY_UILaunchScreen_Generation = YES;
				INFOPLIST_KEY_UISupportedInterfaceOrientations = "UIInterfaceOrientationPortrait UIInterfaceOrientationLandscapeLeft UIInterfaceOrientationLandscapeRight";
				INFOPLIST_KEY_UISupportedInterfaceOrientations_iPad = "UIInterfaceOrientationPortrait UIInterfaceOrientationPortraitUpsideDown UIInterfaceOrientationLandscapeLeft UIInterfaceOrientationLandscapeRight";
				IPHONEOS_DEPLOYMENT_TARGET = 17.0;
				LD_RUNPATH_SEARCH_PATHS = "$(inherited) @executable_path/Frameworks";
				OTHER_LDFLAGS = (
					"$(inherited)",
					"-ObjC",
					"-lc++",
					"-framework",
					KaeruShared,
					"-framework",
					GoogleCast,
				);
				PRODUCT_BUNDLE_IDENTIFIER = app.kaeru.ios;
				SDKROOT = iphoneos;
				SWIFT_EMIT_LOC_STRINGS = YES;
				SWIFT_VERSION = 5.0;
				TARGETED_DEVICE_FAMILY = "1,2";
				VALIDATE_PRODUCT = YES;
			};
			name = Release;
		};
/* End XCBuildConfiguration section */

/* Begin XCConfigurationList section */
		2201C9A0D76293FDE49D4B6F /* Build configuration list for PBXNativeTarget "Kaeru" */ = {
			isa = XCConfigurationList;
			buildConfigurations = (
				F40408CB2CA82F3CAB1C77B6 /* Release */,
				46344A9A230FC765B261978F /* Debug */,
			);
			defaultConfigurationIsVisible = 0;
			defaultConfigurationName = Release;
		};
		533AE7BEF37F0A43CB5B3500 /* Build configuration list for PBXNativeTarget "KaeruUITests" */ = {
			isa = XCConfigurationList;
			buildConfigurations = (
				099B77FE13F42D438476EF5C /* Release */,
				86907B8801A964CCDAC51249 /* Debug */,
			);
			defaultConfigurationIsVisible = 0;
			defaultConfigurationName = Release;
		};
		74D513AEE65825FBAA0D7F97 /* Build configuration list for PBXProject "Kaeru" */ = {
			isa = XCConfigurationList;
			buildConfigurations = (
				9DD814A5EE7CE73F476D15EE /* Debug */,
				877AE71C2EEED8DD7FC3F7F6 /* Release */,
			);
			defaultConfigurationIsVisible = 0;
			defaultConfigurationName = Release;
		};
		B9B80D45C4A752E0E030B0BC /* Build configuration list for PBXNativeTarget "KaeruTests" */ = {
			isa = XCConfigurationList;
			buildConfigurations = (
				063B35C2E42C2F8FC477E332 /* Release */,
				330E2EF84AC27B90209D0F83 /* Debug */,
			);
			defaultConfigurationIsVisible = 0;
			defaultConfigurationName = Release;
		};
/* End XCConfigurationList section */

/* Begin XCRemoteSwiftPackageReference section */
		66E58C2DD8821E1D959E98F0 /* XCRemoteSwiftPackageReference "gtm-session-fetcher.git" */ = {
			isa = XCRemoteSwiftPackageReference;
			repositoryURL = "https://github.com/google/gtm-session-fetcher.git";
			requirement = {
				kind = upToNextMajorVersion;
				minimumVersion = 3.5.0;
			};
		};
/* End XCRemoteSwiftPackageReference section */

/* Begin XCSwiftPackageProductDependency section */
		192A3DC1FB16B3490ED62789 /* GTMSessionFetcherCore */ = {
			isa = XCSwiftPackageProductDependency;
			package = 66E58C2DD8821E1D959E98F0 /* XCRemoteSwiftPackageReference "gtm-session-fetcher.git" */;
			productName = GTMSessionFetcherCore;
		};
/* End XCSwiftPackageProductDependency section */
	};
	rootObject = D329FD63283DB2030666E7A5 /* Project object */;
}
