// !$*UTF8*$!
{
	archiveVersion = 1;
	classes = {
	};
	objectVersion = 46;
	objects = {

/* Begin PBXBuildFile section */
		0D004133429E739A80408FB9 /* DomainTests.swift in Sources */ = {isa = PBXBuildFile; fileRef = 72DE31E39FEC0A6F9E33267B /* DomainTests.swift */; };
		1A70F15D729C4D8D25CC89AC /* DevicePairingView.swift in Sources */ = {isa = PBXBuildFile; fileRef = 163726F2A1FEE43D561E7034 /* DevicePairingView.swift */; };
		1EF5FDCFBE4F8B6049F8955A /* TogetherPolicy.swift in Sources */ = {isa = PBXBuildFile; fileRef = 9F5CEDFE8AB88438EA0ED4C7 /* TogetherPolicy.swift */; };
		2126515496CA979F4A5E79B2 /* PairingCoordinatorTests.swift in Sources */ = {isa = PBXBuildFile; fileRef = 1D12FED96AF7F5E919CFFCC5 /* PairingCoordinatorTests.swift */; };
		219D77B3C54706EB10CEF9B8 /* Models.swift in Sources */ = {isa = PBXBuildFile; fileRef = BB3C04FDCDA9F42AB67E3214 /* Models.swift */; };
		2B9800746820937F127D80A2 /* CatalogPresentation.swift in Sources */ = {isa = PBXBuildFile; fileRef = 73C8913969F375D7197B2679 /* CatalogPresentation.swift */; };
		2DA1B01555CB57CE00DB6509 /* EpisodeReleaseState.swift in Sources */ = {isa = PBXBuildFile; fileRef = AF357B7B95C1EC26861A32C5 /* EpisodeReleaseState.swift */; };
		2F0A5D2F6A3DDF8A4188A045 /* TogetherLANTransport.swift in Sources */ = {isa = PBXBuildFile; fileRef = AFC5D9E44C9DA5811588243C /* TogetherLANTransport.swift */; };
		36E3D35170E6E8863F63BF6B /* ContinuationTests.swift in Sources */ = {isa = PBXBuildFile; fileRef = 0F53399EA60503641C5DB5D4 /* ContinuationTests.swift */; };
		3911F9037147183BC40C7968 /* Authentication.swift in Sources */ = {isa = PBXBuildFile; fileRef = 37D15D6C061FAC6CF58035C7 /* Authentication.swift */; };
		42A324050F07EA52AC784AD9 /* PairingProtocolTests.swift in Sources */ = {isa = PBXBuildFile; fileRef = AA648CD8DFD31F18D85F9B97 /* PairingProtocolTests.swift */; };
		4473B9FDF16DA73D7998F5FC /* ContinueTarget.swift in Sources */ = {isa = PBXBuildFile; fileRef = 7091589213C17ADECB58E1EE /* ContinueTarget.swift */; };
		492A014DF070237A000F367C /* PlayerScreen.swift in Sources */ = {isa = PBXBuildFile; fileRef = C1F4B9368D8CDDF9DB60ADF7 /* PlayerScreen.swift */; };
		4C17DE180C923C438F9D21C7 /* TogetherManagerTests.swift in Sources */ = {isa = PBXBuildFile; fileRef = BE10D5AF7EF3318487107606 /* TogetherManagerTests.swift */; };
		4F85888E50F83E4990628566 /* Service.swift in Sources */ = {isa = PBXBuildFile; fileRef = 962018F0D9EB2666037A27DE /* Service.swift */; };
		53D75F90FF3B2595BA608812 /* LibraryView.swift in Sources */ = {isa = PBXBuildFile; fileRef = D6D6793BC71BB8263D145209 /* LibraryView.swift */; };
		583870233061D04A8F5F12F8 /* PlaybackParityTests.swift in Sources */ = {isa = PBXBuildFile; fileRef = B4ADEF51C73CABC6149072FA /* PlaybackParityTests.swift */; };
		5B95FE8CD43D7FDFCEDC44EF /* TogetherManager.swift in Sources */ = {isa = PBXBuildFile; fileRef = 96C937D70AFD42F529129DCB /* TogetherManager.swift */; };
		5BED3152A286093377080DC7 /* Configuration.plist in Resources */ = {isa = PBXBuildFile; fileRef = CFBDA0621B809ABECAED32CB /* Configuration.plist */; };
		5D5CEBF4B3F9E5400F6032F1 /* CastManager.swift in Sources */ = {isa = PBXBuildFile; fileRef = 58E42D77E5F807C60D515D9F /* CastManager.swift */; };
		5EE72DDA4F238A9C4C5277C0 /* OfflineCatalog.swift in Sources */ = {isa = PBXBuildFile; fileRef = FD0823231AE3D63E29B97DDE /* OfflineCatalog.swift */; };
		650C99CB17F6A12FDE67F802 /* HomeView.swift in Sources */ = {isa = PBXBuildFile; fileRef = E695A8A45542DCA03EFE69DA /* HomeView.swift */; };
		65B08FBEA0649D9026196820 /* DeepLink.swift in Sources */ = {isa = PBXBuildFile; fileRef = F92272537903B9E5C80B75AE /* DeepLink.swift */; };
		66207BE4EA4F88DC414D7D68 /* EpisodeNotificationPlan.swift in Sources */ = {isa = PBXBuildFile; fileRef = 8C909ADAD02DCB19505B8D29 /* EpisodeNotificationPlan.swift */; };
		6753B8D7A7B4F76A3BE51EE3 /* CastCoreTests.swift in Sources */ = {isa = PBXBuildFile; fileRef = AEEE6AA4747D5E925D42BC02 /* CastCoreTests.swift */; };
		6A798AE701E889477ACB6D79 /* PlaybackModel.swift in Sources */ = {isa = PBXBuildFile; fileRef = 17D828C982C10AAE550C15FE /* PlaybackModel.swift */; };
		6E5020206134778AE06CFAB1 /* TVPairingClient.swift in Sources */ = {isa = PBXBuildFile; fileRef = AED796FFFC37F59351838860 /* TVPairingClient.swift */; };
		6E538F68D915355392D1B3FB /* BackgroundTransfers.swift in Sources */ = {isa = PBXBuildFile; fileRef = 5FCC64720AEB7F8C64792ACF /* BackgroundTransfers.swift */; };
		6F7C37409803C34F48BB9678 /* SearchView.swift in Sources */ = {isa = PBXBuildFile; fileRef = 60D1B5F7345FCAC41B35EEF5 /* SearchView.swift */; };
		6FFB60ABFB4E1AF1D1FAF2EB /* Foundation.framework in Frameworks */ = {isa = PBXBuildFile; fileRef = 27352D612366E7E2A99983FF /* Foundation.framework */; };
		7079F9E483E21F63B4021EB7 /* CastManagerTests.swift in Sources */ = {isa = PBXBuildFile; fileRef = 6E8812ADB676331F02C52DD6 /* CastManagerTests.swift */; };
		70CF1F5C97934A00A61F25FF /* NativePlayer.swift in Sources */ = {isa = PBXBuildFile; fileRef = 323F0ECFD81B36153D269A41 /* NativePlayer.swift */; };
		735C9096EC28B67FB03A12A5 /* PlaybackPolicy.swift in Sources */ = {isa = PBXBuildFile; fileRef = 4A810B0CC7CD366066727C28 /* PlaybackPolicy.swift */; };
		78FE61AA856930464146B7AD /* DetailView.swift in Sources */ = {isa = PBXBuildFile; fileRef = D5136D40C668A2CC0C0FF453 /* DetailView.swift */; };
		7D73EA82D0D568294BD424CC /* GoogleCastTransport.swift in Sources */ = {isa = PBXBuildFile; fileRef = 9541574EBD229C4CA3E3DE63 /* GoogleCastTransport.swift */; };
		811BFEE89E068D8B5C651F66 /* TogetherSyncTests.swift in Sources */ = {isa = PBXBuildFile; fileRef = 421771DBB3B2364A64D15236 /* TogetherSyncTests.swift */; };
		834533E9A4A883EE2EA2418D /* DownloadManager.swift in Sources */ = {isa = PBXBuildFile; fileRef = 6F42C8A96EDED49961A81577 /* DownloadManager.swift */; };
		84B39ABF94A70191FB6475B6 /* SettingsView.swift in Sources */ = {isa = PBXBuildFile; fileRef = EC26C6E83093EC6B188A5A21 /* SettingsView.swift */; };
		862655C9F8C5872C09D187DD /* TogetherProtocolTests.swift in Sources */ = {isa = PBXBuildFile; fileRef = 6AAB5B3EE33FBF8695EBE0C7 /* TogetherProtocolTests.swift */; };
		87CA3F0CFBC3FD1BFB616C2D /* PlaybackTogetherAdapter.swift in Sources */ = {isa = PBXBuildFile; fileRef = 89F9C1BE760451A5133FCBFA /* PlaybackTogetherAdapter.swift */; };
		8BABAAC6C71B065A38BB5FC6 /* TogetherReconnect.swift in Sources */ = {isa = PBXBuildFile; fileRef = 51B9127075EC5E8B53F3E3E9 /* TogetherReconnect.swift */; };
		8DCCF966358DAEB5A03734CB /* TogetherView.swift in Sources */ = {isa = PBXBuildFile; fileRef = EE953291CDE6BB21F92C6196 /* TogetherView.swift */; };
		8E63EE861B44C0A07D12A6F2 /* DownloadsView.swift in Sources */ = {isa = PBXBuildFile; fileRef = F678897CFFF4146D5C799917 /* DownloadsView.swift */; };
		977B5C5BA633A30B3F78B81F /* QRScannerView.swift in Sources */ = {isa = PBXBuildFile; fileRef = BEA6974A6A88A2A6917BA6D4 /* QRScannerView.swift */; };
		98CD6AEBDE9A54E0B6C6FCB7 /* KaeruApp.swift in Sources */ = {isa = PBXBuildFile; fileRef = 0EE989DC9EA1D524583F3FD9 /* KaeruApp.swift */; };
		994851C087B6515E9B3660C4 /* KeychainTests.swift in Sources */ = {isa = PBXBuildFile; fileRef = 523AA02F3B6D6753E7095C47 /* KeychainTests.swift */; };
		A43E73D6C340FF8D3100658D /* AppModel.swift in Sources */ = {isa = PBXBuildFile; fileRef = C4D96646B836E129B78A182D /* AppModel.swift */; };
		A5D05B5248850B253C1F6213 /* GoogleCast.xcframework in Frameworks */ = {isa = PBXBuildFile; fileRef = 3D7C40F4EA799DFD58A1945B /* GoogleCast.xcframework */; };
		A78A8EDD99AC5D2991757EE4 /* TogetherCodec.swift in Sources */ = {isa = PBXBuildFile; fileRef = BAB79C9D27DF2BE0DD7CF147 /* TogetherCodec.swift */; };
		A9384610F65F42F2276D1BF4 /* PlaybackMediaControls.swift in Sources */ = {isa = PBXBuildFile; fileRef = F3B399614AF7D807880B7B38 /* PlaybackMediaControls.swift */; };
		AB0F3483BB27CA6625BDDDE1 /* PairingProtocol.swift in Sources */ = {isa = PBXBuildFile; fileRef = FB1045A2F3CEF3A07E4E346A /* PairingProtocol.swift */; };
		AE1C9D8DE0C8AE2628049586 /* Foundation.framework in Frameworks */ = {isa = PBXBuildFile; fileRef = 27352D612366E7E2A99983FF /* Foundation.framework */; };
		AFEFD50464ABB95D13F2C71E /* DeepLinkTests.swift in Sources */ = {isa = PBXBuildFile; fileRef = 4DD24B9A1D9BBC61F861D562 /* DeepLinkTests.swift */; };
		B6E52AB48F539C064402D6E5 /* TogetherRelayTransport.swift in Sources */ = {isa = PBXBuildFile; fileRef = 791CA1B7A1F088ABEB25D188 /* TogetherRelayTransport.swift */; };
		B79E5B6908C4D54C85C33DE8 /* AniSkipClient.swift in Sources */ = {isa = PBXBuildFile; fileRef = C82282AE17840B9FD0D4C027 /* AniSkipClient.swift */; };
		B84353BB1FA3A209DE5092D5 /* Assets.xcassets in Resources */ = {isa = PBXBuildFile; fileRef = 744C468D3E43591300F635F5 /* Assets.xcassets */; };
		BA4F2A752285BD6926FA57BD /* AppModelTests.swift in Sources */ = {isa = PBXBuildFile; fileRef = 9F651B9BAAA1C6E4C0EAFB27 /* AppModelTests.swift */; };
		C6582DA4CFDBDF199873AF93 /* OfflineCoreTests.swift in Sources */ = {isa = PBXBuildFile; fileRef = 145A4F0C079F339F51E62411 /* OfflineCoreTests.swift */; };
		CC25AE09452AB1796D5DCA74 /* EpisodeNotificationService.swift in Sources */ = {isa = PBXBuildFile; fileRef = DFA42C96DB8C2A993705D43E /* EpisodeNotificationService.swift */; };
		D062BC6F1B74AA789801DD7A /* LocalStore.swift in Sources */ = {isa = PBXBuildFile; fileRef = 8972B4EA56EEFC586A398ED2 /* LocalStore.swift */; };
		D1BCD336110FA79C86CEEC3D /* NavigationTests.swift in Sources */ = {isa = PBXBuildFile; fileRef = 3A171110709A7C35CF228B2B /* NavigationTests.swift */; };
		D2B186EE782C2F0A394B7D98 /* TogetherPlayback.swift in Sources */ = {isa = PBXBuildFile; fileRef = 9DAA8EEF9808B6E0B2051689 /* TogetherPlayback.swift */; };
		D3B1FB4CD6FCBB00B0C62893 /* PairingCoordinator.swift in Sources */ = {isa = PBXBuildFile; fileRef = 1228BFBB2CD8C73E2B917369 /* PairingCoordinator.swift */; };
		D7995E11BEEE15B9855E823A /* ApplicationRuntime.swift in Sources */ = {isa = PBXBuildFile; fileRef = 7B2DC5D27B698521CF0EE2A3 /* ApplicationRuntime.swift */; };
		DB4B0EE82B5AE9831CF30DFB /* TogetherInvitation.swift in Sources */ = {isa = PBXBuildFile; fileRef = F1F8A17CB91A026ACDF03928 /* TogetherInvitation.swift */; };
		DEE8D2F5B0029F93C10A4949 /* LANConnection.swift in Sources */ = {isa = PBXBuildFile; fileRef = F0E5B29DE9460253142FF6B4 /* LANConnection.swift */; };
		E104D22EB13BCBBB72D8A83F /* CastPlaybackState.swift in Sources */ = {isa = PBXBuildFile; fileRef = F693A2E3B083B763EECD77B2 /* CastPlaybackState.swift */; };
		E571BF699293067164C177A9 /* TogetherReconnectTests.swift in Sources */ = {isa = PBXBuildFile; fileRef = 1EFB44439BF08753195A87BE /* TogetherReconnectTests.swift */; };
		EBB26720AB5C040B9AA41228 /* RootView.swift in Sources */ = {isa = PBXBuildFile; fileRef = DBB22790418481705148BD33 /* RootView.swift */; };
		ECF085F036D626B0CEF2A168 /* Preferences.swift in Sources */ = {isa = PBXBuildFile; fileRef = 0CD6292DC929D2E8E1FFD843 /* Preferences.swift */; };
		F1F6116B35A095D759A8B5C4 /* CatalogComponents.swift in Sources */ = {isa = PBXBuildFile; fileRef = C600071B98D3F7EB4A6C76CE /* CatalogComponents.swift */; };
		F5BACCE56FD1F02416C2CCA3 /* LiveServiceTests.swift in Sources */ = {isa = PBXBuildFile; fileRef = 405A0E6CC30BEC78B62DFA3F /* LiveServiceTests.swift */; };
		F8F354655369F78DE3691808 /* Foundation.framework in Frameworks */ = {isa = PBXBuildFile; fileRef = 27352D612366E7E2A99983FF /* Foundation.framework */; };
		FF69CA329544663D4FD2AF82 /* CastViews.swift in Sources */ = {isa = PBXBuildFile; fileRef = F058243C2512DB733E4C0F5B /* CastViews.swift */; };
/* End PBXBuildFile section */

/* Begin PBXContainerItemProxy section */
		3F909D60049879445EB9417F /* PBXContainerItemProxy */ = {
			isa = PBXContainerItemProxy;
			containerPortal = 5AC38496CF908A194E72C018 /* Project object */;
			proxyType = 1;
			remoteGlobalIDString = A33B354ADC2BA9D8FBF97C49;
			remoteInfo = Kaeru;
		};
		C02A48977C63D287E7438B48 /* PBXContainerItemProxy */ = {
			isa = PBXContainerItemProxy;
			containerPortal = 5AC38496CF908A194E72C018 /* Project object */;
			proxyType = 1;
			remoteGlobalIDString = A33B354ADC2BA9D8FBF97C49;
			remoteInfo = Kaeru;
		};
/* End PBXContainerItemProxy section */

/* Begin PBXFileReference section */
		0CD6292DC929D2E8E1FFD843 /* Preferences.swift */ = {isa = PBXFileReference; includeInIndex = 1; lastKnownFileType = sourcecode.swift; name = Preferences.swift; path = Core/Preferences.swift; sourceTree = "<group>"; };
		0EE989DC9EA1D524583F3FD9 /* KaeruApp.swift */ = {isa = PBXFileReference; includeInIndex = 1; lastKnownFileType = sourcecode.swift; name = KaeruApp.swift; path = App/KaeruApp.swift; sourceTree = "<group>"; };
		0F53399EA60503641C5DB5D4 /* ContinuationTests.swift */ = {isa = PBXFileReference; includeInIndex = 1; lastKnownFileType = sourcecode.swift; name = ContinuationTests.swift; path = Tests/KaeruTests/ContinuationTests.swift; sourceTree = "<group>"; };
		1228BFBB2CD8C73E2B917369 /* PairingCoordinator.swift */ = {isa = PBXFileReference; includeInIndex = 1; lastKnownFileType = sourcecode.swift; name = PairingCoordinator.swift; path = Device/PairingCoordinator.swift; sourceTree = "<group>"; };
		145A4F0C079F339F51E62411 /* OfflineCoreTests.swift */ = {isa = PBXFileReference; includeInIndex = 1; lastKnownFileType = sourcecode.swift; name = OfflineCoreTests.swift; path = Tests/KaeruTests/OfflineCoreTests.swift; sourceTree = "<group>"; };
		163726F2A1FEE43D561E7034 /* DevicePairingView.swift */ = {isa = PBXFileReference; includeInIndex = 1; lastKnownFileType = sourcecode.swift; name = DevicePairingView.swift; path = Features/DevicePairingView.swift; sourceTree = "<group>"; };
		17D828C982C10AAE550C15FE /* PlaybackModel.swift */ = {isa = PBXFileReference; includeInIndex = 1; lastKnownFileType = sourcecode.swift; name = PlaybackModel.swift; path = Playback/PlaybackModel.swift; sourceTree = "<group>"; };
		1D12FED96AF7F5E919CFFCC5 /* PairingCoordinatorTests.swift */ = {isa = PBXFileReference; includeInIndex = 1; lastKnownFileType = sourcecode.swift; name = PairingCoordinatorTests.swift; path = Tests/KaeruTests/PairingCoordinatorTests.swift; sourceTree = "<group>"; };
		1EFB44439BF08753195A87BE /* TogetherReconnectTests.swift */ = {isa = PBXFileReference; includeInIndex = 1; lastKnownFileType = sourcecode.swift; name = TogetherReconnectTests.swift; path = Tests/KaeruTests/TogetherReconnectTests.swift; sourceTree = "<group>"; };
		27352D612366E7E2A99983FF /* Foundation.framework */ = {isa = PBXFileReference; lastKnownFileType = wrapper.framework; name = Foundation.framework; path = Platforms/iPhoneOS.platform/Developer/SDKs/iPhoneOS14.0.sdk/System/Library/Frameworks/Foundation.framework; sourceTree = DEVELOPER_DIR; };
		323F0ECFD81B36153D269A41 /* NativePlayer.swift */ = {isa = PBXFileReference; includeInIndex = 1; lastKnownFileType = sourcecode.swift; name = NativePlayer.swift; path = Playback/NativePlayer.swift; sourceTree = "<group>"; };
		37D15D6C061FAC6CF58035C7 /* Authentication.swift */ = {isa = PBXFileReference; includeInIndex = 1; lastKnownFileType = sourcecode.swift; name = Authentication.swift; path = Core/Authentication.swift; sourceTree = "<group>"; };
		3A171110709A7C35CF228B2B /* NavigationTests.swift */ = {isa = PBXFileReference; includeInIndex = 1; lastKnownFileType = sourcecode.swift; name = NavigationTests.swift; path = Tests/UITests/NavigationTests.swift; sourceTree = "<group>"; };
		3D7C40F4EA799DFD58A1945B /* GoogleCast.xcframework */ = {isa = PBXFileReference; includeInIndex = 1; lastKnownFileType = wrapper.xcframework; name = GoogleCast.xcframework; path = "Dependencies/GoogleCastSDK-ios-4.8.6_static_xcframework/GoogleCast.xcframework"; sourceTree = "<group>"; };
		405A0E6CC30BEC78B62DFA3F /* LiveServiceTests.swift */ = {isa = PBXFileReference; includeInIndex = 1; lastKnownFileType = sourcecode.swift; name = LiveServiceTests.swift; path = Tests/KaeruTests/LiveServiceTests.swift; sourceTree = "<group>"; };
		421771DBB3B2364A64D15236 /* TogetherSyncTests.swift */ = {isa = PBXFileReference; includeInIndex = 1; lastKnownFileType = sourcecode.swift; name = TogetherSyncTests.swift; path = Tests/KaeruTests/TogetherSyncTests.swift; sourceTree = "<group>"; };
		4A810B0CC7CD366066727C28 /* PlaybackPolicy.swift */ = {isa = PBXFileReference; includeInIndex = 1; lastKnownFileType = sourcecode.swift; name = PlaybackPolicy.swift; path = Playback/PlaybackPolicy.swift; sourceTree = "<group>"; };
		4DD24B9A1D9BBC61F861D562 /* DeepLinkTests.swift */ = {isa = PBXFileReference; includeInIndex = 1; lastKnownFileType = sourcecode.swift; name = DeepLinkTests.swift; path = Tests/KaeruTests/DeepLinkTests.swift; sourceTree = "<group>"; };
		51B9127075EC5E8B53F3E3E9 /* TogetherReconnect.swift */ = {isa = PBXFileReference; includeInIndex = 1; lastKnownFileType = sourcecode.swift; name = TogetherReconnect.swift; path = Together/TogetherReconnect.swift; sourceTree = "<group>"; };
		523AA02F3B6D6753E7095C47 /* KeychainTests.swift */ = {isa = PBXFileReference; includeInIndex = 1; lastKnownFileType = sourcecode.swift; name = KeychainTests.swift; path = Tests/KaeruTests/KeychainTests.swift; sourceTree = "<group>"; };
		58E42D77E5F807C60D515D9F /* CastManager.swift */ = {isa = PBXFileReference; includeInIndex = 1; lastKnownFileType = sourcecode.swift; name = CastManager.swift; path = Cast/CastManager.swift; sourceTree = "<group>"; };
		5FCC64720AEB7F8C64792ACF /* BackgroundTransfers.swift */ = {isa = PBXFileReference; includeInIndex = 1; lastKnownFileType = sourcecode.swift; name = BackgroundTransfers.swift; path = Offline/BackgroundTransfers.swift; sourceTree = "<group>"; };
		60D1B5F7345FCAC41B35EEF5 /* SearchView.swift */ = {isa = PBXFileReference; includeInIndex = 1; lastKnownFileType = sourcecode.swift; name = SearchView.swift; path = Features/SearchView.swift; sourceTree = "<group>"; };
		6AAB5B3EE33FBF8695EBE0C7 /* TogetherProtocolTests.swift */ = {isa = PBXFileReference; includeInIndex = 1; lastKnownFileType = sourcecode.swift; name = TogetherProtocolTests.swift; path = Tests/KaeruTests/TogetherProtocolTests.swift; sourceTree = "<group>"; };
		6E8812ADB676331F02C52DD6 /* CastManagerTests.swift */ = {isa = PBXFileReference; includeInIndex = 1; lastKnownFileType = sourcecode.swift; name = CastManagerTests.swift; path = Tests/KaeruTests/CastManagerTests.swift; sourceTree = "<group>"; };
		6F42C8A96EDED49961A81577 /* DownloadManager.swift */ = {isa = PBXFileReference; includeInIndex = 1; lastKnownFileType = sourcecode.swift; name = DownloadManager.swift; path = Offline/DownloadManager.swift; sourceTree = "<group>"; };
		7091589213C17ADECB58E1EE /* ContinueTarget.swift */ = {isa = PBXFileReference; includeInIndex = 1; lastKnownFileType = sourcecode.swift; name = ContinueTarget.swift; path = Core/ContinueTarget.swift; sourceTree = "<group>"; };
		70F9DBFD63A1C3ED8A294D68 /* KaeruUITests.xctest */ = {isa = PBXFileReference; explicitFileType = wrapper.cfbundle; includeInIndex = 0; path = KaeruUITests.xctest; sourceTree = BUILT_PRODUCTS_DIR; };
		72DE31E39FEC0A6F9E33267B /* DomainTests.swift */ = {isa = PBXFileReference; includeInIndex = 1; lastKnownFileType = sourcecode.swift; name = DomainTests.swift; path = Tests/KaeruTests/DomainTests.swift; sourceTree = "<group>"; };
		73C8913969F375D7197B2679 /* CatalogPresentation.swift */ = {isa = PBXFileReference; includeInIndex = 1; lastKnownFileType = sourcecode.swift; name = CatalogPresentation.swift; path = Features/CatalogPresentation.swift; sourceTree = "<group>"; };
		744C468D3E43591300F635F5 /* Assets.xcassets */ = {isa = PBXFileReference; includeInIndex = 1; lastKnownFileType = folder.assetcatalog; name = Assets.xcassets; path = App/Assets.xcassets; sourceTree = "<group>"; };
		791CA1B7A1F088ABEB25D188 /* TogetherRelayTransport.swift */ = {isa = PBXFileReference; includeInIndex = 1; lastKnownFileType = sourcecode.swift; name = TogetherRelayTransport.swift; path = Together/TogetherRelayTransport.swift; sourceTree = "<group>"; };
		7B2DC5D27B698521CF0EE2A3 /* ApplicationRuntime.swift */ = {isa = PBXFileReference; includeInIndex = 1; lastKnownFileType = sourcecode.swift; name = ApplicationRuntime.swift; path = App/ApplicationRuntime.swift; sourceTree = "<group>"; };
		8972B4EA56EEFC586A398ED2 /* LocalStore.swift */ = {isa = PBXFileReference; includeInIndex = 1; lastKnownFileType = sourcecode.swift; name = LocalStore.swift; path = Core/LocalStore.swift; sourceTree = "<group>"; };
		89F9C1BE760451A5133FCBFA /* PlaybackTogetherAdapter.swift */ = {isa = PBXFileReference; includeInIndex = 1; lastKnownFileType = sourcecode.swift; name = PlaybackTogetherAdapter.swift; path = Together/PlaybackTogetherAdapter.swift; sourceTree = "<group>"; };
		8C909ADAD02DCB19505B8D29 /* EpisodeNotificationPlan.swift */ = {isa = PBXFileReference; includeInIndex = 1; lastKnownFileType = sourcecode.swift; name = EpisodeNotificationPlan.swift; path = Notifications/EpisodeNotificationPlan.swift; sourceTree = "<group>"; };
		9541574EBD229C4CA3E3DE63 /* GoogleCastTransport.swift */ = {isa = PBXFileReference; includeInIndex = 1; lastKnownFileType = sourcecode.swift; name = GoogleCastTransport.swift; path = Cast/GoogleCastTransport.swift; sourceTree = "<group>"; };
		962018F0D9EB2666037A27DE /* Service.swift */ = {isa = PBXFileReference; includeInIndex = 1; lastKnownFileType = sourcecode.swift; name = Service.swift; path = Core/Service.swift; sourceTree = "<group>"; };
		96C937D70AFD42F529129DCB /* TogetherManager.swift */ = {isa = PBXFileReference; includeInIndex = 1; lastKnownFileType = sourcecode.swift; name = TogetherManager.swift; path = Together/TogetherManager.swift; sourceTree = "<group>"; };
		9DAA8EEF9808B6E0B2051689 /* TogetherPlayback.swift */ = {isa = PBXFileReference; includeInIndex = 1; lastKnownFileType = sourcecode.swift; name = TogetherPlayback.swift; path = Together/TogetherPlayback.swift; sourceTree = "<group>"; };
		9F5CEDFE8AB88438EA0ED4C7 /* TogetherPolicy.swift */ = {isa = PBXFileReference; includeInIndex = 1; lastKnownFileType = sourcecode.swift; name = TogetherPolicy.swift; path = Together/TogetherPolicy.swift; sourceTree = "<group>"; };
		9F651B9BAAA1C6E4C0EAFB27 /* AppModelTests.swift */ = {isa = PBXFileReference; includeInIndex = 1; lastKnownFileType = sourcecode.swift; name = AppModelTests.swift; path = Tests/KaeruTests/AppModelTests.swift; sourceTree = "<group>"; };
		AA648CD8DFD31F18D85F9B97 /* PairingProtocolTests.swift */ = {isa = PBXFileReference; includeInIndex = 1; lastKnownFileType = sourcecode.swift; name = PairingProtocolTests.swift; path = Tests/KaeruTests/PairingProtocolTests.swift; sourceTree = "<group>"; };
		AED796FFFC37F59351838860 /* TVPairingClient.swift */ = {isa = PBXFileReference; includeInIndex = 1; lastKnownFileType = sourcecode.swift; name = TVPairingClient.swift; path = Device/TVPairingClient.swift; sourceTree = "<group>"; };
		AEEE6AA4747D5E925D42BC02 /* CastCoreTests.swift */ = {isa = PBXFileReference; includeInIndex = 1; lastKnownFileType = sourcecode.swift; name = CastCoreTests.swift; path = Tests/KaeruTests/CastCoreTests.swift; sourceTree = "<group>"; };
		AF357B7B95C1EC26861A32C5 /* EpisodeReleaseState.swift */ = {isa = PBXFileReference; includeInIndex = 1; lastKnownFileType = sourcecode.swift; name = EpisodeReleaseState.swift; path = Notifications/EpisodeReleaseState.swift; sourceTree = "<group>"; };
		AFC5D9E44C9DA5811588243C /* TogetherLANTransport.swift */ = {isa = PBXFileReference; includeInIndex = 1; lastKnownFileType = sourcecode.swift; name = TogetherLANTransport.swift; path = Together/TogetherLANTransport.swift; sourceTree = "<group>"; };
		B4ADEF51C73CABC6149072FA /* PlaybackParityTests.swift */ = {isa = PBXFileReference; includeInIndex = 1; lastKnownFileType = sourcecode.swift; name = PlaybackParityTests.swift; path = Tests/KaeruTests/PlaybackParityTests.swift; sourceTree = "<group>"; };
		BAB79C9D27DF2BE0DD7CF147 /* TogetherCodec.swift */ = {isa = PBXFileReference; includeInIndex = 1; lastKnownFileType = sourcecode.swift; name = TogetherCodec.swift; path = Together/TogetherCodec.swift; sourceTree = "<group>"; };
		BB3C04FDCDA9F42AB67E3214 /* Models.swift */ = {isa = PBXFileReference; includeInIndex = 1; lastKnownFileType = sourcecode.swift; name = Models.swift; path = Core/Models.swift; sourceTree = "<group>"; };
		BE10D5AF7EF3318487107606 /* TogetherManagerTests.swift */ = {isa = PBXFileReference; includeInIndex = 1; lastKnownFileType = sourcecode.swift; name = TogetherManagerTests.swift; path = Tests/KaeruTests/TogetherManagerTests.swift; sourceTree = "<group>"; };
		BEA6974A6A88A2A6917BA6D4 /* QRScannerView.swift */ = {isa = PBXFileReference; includeInIndex = 1; lastKnownFileType = sourcecode.swift; name = QRScannerView.swift; path = Features/QRScannerView.swift; sourceTree = "<group>"; };
		C1F4B9368D8CDDF9DB60ADF7 /* PlayerScreen.swift */ = {isa = PBXFileReference; includeInIndex = 1; lastKnownFileType = sourcecode.swift; name = PlayerScreen.swift; path = Features/PlayerScreen.swift; sourceTree = "<group>"; };
		C4D96646B836E129B78A182D /* AppModel.swift */ = {isa = PBXFileReference; includeInIndex = 1; lastKnownFileType = sourcecode.swift; name = AppModel.swift; path = Core/AppModel.swift; sourceTree = "<group>"; };
		C600071B98D3F7EB4A6C76CE /* CatalogComponents.swift */ = {isa = PBXFileReference; includeInIndex = 1; lastKnownFileType = sourcecode.swift; name = CatalogComponents.swift; path = Features/CatalogComponents.swift; sourceTree = "<group>"; };
		C82282AE17840B9FD0D4C027 /* AniSkipClient.swift */ = {isa = PBXFileReference; includeInIndex = 1; lastKnownFileType = sourcecode.swift; name = AniSkipClient.swift; path = Playback/AniSkipClient.swift; sourceTree = "<group>"; };
		CFBDA0621B809ABECAED32CB /* Configuration.plist */ = {isa = PBXFileReference; includeInIndex = 1; lastKnownFileType = text.plist.xml; name = Configuration.plist; path = App/Configuration.plist; sourceTree = "<group>"; };
		D5136D40C668A2CC0C0FF453 /* DetailView.swift */ = {isa = PBXFileReference; includeInIndex = 1; lastKnownFileType = sourcecode.swift; name = DetailView.swift; path = Features/DetailView.swift; sourceTree = "<group>"; };
		D6D6793BC71BB8263D145209 /* LibraryView.swift */ = {isa = PBXFileReference; includeInIndex = 1; lastKnownFileType = sourcecode.swift; name = LibraryView.swift; path = Features/LibraryView.swift; sourceTree = "<group>"; };
		DBB22790418481705148BD33 /* RootView.swift */ = {isa = PBXFileReference; includeInIndex = 1; lastKnownFileType = sourcecode.swift; name = RootView.swift; path = Features/RootView.swift; sourceTree = "<group>"; };
		DFA42C96DB8C2A993705D43E /* EpisodeNotificationService.swift */ = {isa = PBXFileReference; includeInIndex = 1; lastKnownFileType = sourcecode.swift; name = EpisodeNotificationService.swift; path = Notifications/EpisodeNotificationService.swift; sourceTree = "<group>"; };
		E695A8A45542DCA03EFE69DA /* HomeView.swift */ = {isa = PBXFileReference; includeInIndex = 1; lastKnownFileType = sourcecode.swift; name = HomeView.swift; path = Features/HomeView.swift; sourceTree = "<group>"; };
		EC26C6E83093EC6B188A5A21 /* SettingsView.swift */ = {isa = PBXFileReference; includeInIndex = 1; lastKnownFileType = sourcecode.swift; name = SettingsView.swift; path = Features/SettingsView.swift; sourceTree = "<group>"; };
		EE953291CDE6BB21F92C6196 /* TogetherView.swift */ = {isa = PBXFileReference; includeInIndex = 1; lastKnownFileType = sourcecode.swift; name = TogetherView.swift; path = Features/TogetherView.swift; sourceTree = "<group>"; };
		F058243C2512DB733E4C0F5B /* CastViews.swift */ = {isa = PBXFileReference; includeInIndex = 1; lastKnownFileType = sourcecode.swift; name = CastViews.swift; path = Cast/CastViews.swift; sourceTree = "<group>"; };
		F0E5B29DE9460253142FF6B4 /* LANConnection.swift */ = {isa = PBXFileReference; includeInIndex = 1; lastKnownFileType = sourcecode.swift; name = LANConnection.swift; path = Device/LANConnection.swift; sourceTree = "<group>"; };
		F1F8A17CB91A026ACDF03928 /* TogetherInvitation.swift */ = {isa = PBXFileReference; includeInIndex = 1; lastKnownFileType = sourcecode.swift; name = TogetherInvitation.swift; path = Together/TogetherInvitation.swift; sourceTree = "<group>"; };
		F3B399614AF7D807880B7B38 /* PlaybackMediaControls.swift */ = {isa = PBXFileReference; includeInIndex = 1; lastKnownFileType = sourcecode.swift; name = PlaybackMediaControls.swift; path = Playback/PlaybackMediaControls.swift; sourceTree = "<group>"; };
		F53F5E9C0AE5D6CB5AC2B3D6 /* Kaeru.app */ = {isa = PBXFileReference; explicitFileType = wrapper.application; includeInIndex = 0; path = Kaeru.app; sourceTree = BUILT_PRODUCTS_DIR; };
		F678897CFFF4146D5C799917 /* DownloadsView.swift */ = {isa = PBXFileReference; includeInIndex = 1; lastKnownFileType = sourcecode.swift; name = DownloadsView.swift; path = Features/DownloadsView.swift; sourceTree = "<group>"; };
		F693A2E3B083B763EECD77B2 /* CastPlaybackState.swift */ = {isa = PBXFileReference; includeInIndex = 1; lastKnownFileType = sourcecode.swift; name = CastPlaybackState.swift; path = Cast/CastPlaybackState.swift; sourceTree = "<group>"; };
		F92272537903B9E5C80B75AE /* DeepLink.swift */ = {isa = PBXFileReference; includeInIndex = 1; lastKnownFileType = sourcecode.swift; name = DeepLink.swift; path = Core/DeepLink.swift; sourceTree = "<group>"; };
		FB1045A2F3CEF3A07E4E346A /* PairingProtocol.swift */ = {isa = PBXFileReference; includeInIndex = 1; lastKnownFileType = sourcecode.swift; name = PairingProtocol.swift; path = Device/PairingProtocol.swift; sourceTree = "<group>"; };
		FD0823231AE3D63E29B97DDE /* OfflineCatalog.swift */ = {isa = PBXFileReference; includeInIndex = 1; lastKnownFileType = sourcecode.swift; name = OfflineCatalog.swift; path = Offline/OfflineCatalog.swift; sourceTree = "<group>"; };
		FD10C22891547E7F0CBD1AB7 /* KaeruTests.xctest */ = {isa = PBXFileReference; explicitFileType = wrapper.cfbundle; includeInIndex = 0; path = KaeruTests.xctest; sourceTree = BUILT_PRODUCTS_DIR; };
/* End PBXFileReference section */

/* Begin PBXFrameworksBuildPhase section */
		89687163B52C37952E4D0E69 /* Frameworks */ = {
			isa = PBXFrameworksBuildPhase;
			buildActionMask = 2147483647;
			files = (
				F8F354655369F78DE3691808 /* Foundation.framework in Frameworks */,
				A5D05B5248850B253C1F6213 /* GoogleCast.xcframework in Frameworks */,
			);
			runOnlyForDeploymentPostprocessing = 0;
		};
		C813A4914B8813B26F15B2BA /* Frameworks */ = {
			isa = PBXFrameworksBuildPhase;
			buildActionMask = 2147483647;
			files = (
				6FFB60ABFB4E1AF1D1FAF2EB /* Foundation.framework in Frameworks */,
			);
			runOnlyForDeploymentPostprocessing = 0;
		};
		E0089619BF08BA71A9699B1C /* Frameworks */ = {
			isa = PBXFrameworksBuildPhase;
			buildActionMask = 2147483647;
			files = (
				AE1C9D8DE0C8AE2628049586 /* Foundation.framework in Frameworks */,
			);
			runOnlyForDeploymentPostprocessing = 0;
		};
/* End PBXFrameworksBuildPhase section */

/* Begin PBXGroup section */
		58F441B044B3223243C8D94C = {
			isa = PBXGroup;
			children = (
				9A29C987E882C466B4AFEBD6 /* Products */,
				D418DDBD7445BEAFA772E288 /* Frameworks */,
				F3A94178DCF84EA41AEFD408 /* Kaeru */,
			);
			sourceTree = "<group>";
		};
		9A29C987E882C466B4AFEBD6 /* Products */ = {
			isa = PBXGroup;
			children = (
				F53F5E9C0AE5D6CB5AC2B3D6 /* Kaeru.app */,
				FD10C22891547E7F0CBD1AB7 /* KaeruTests.xctest */,
				70F9DBFD63A1C3ED8A294D68 /* KaeruUITests.xctest */,
			);
			name = Products;
			sourceTree = "<group>";
		};
		AACC59685892109465D3269B /* iOS */ = {
			isa = PBXGroup;
			children = (
				27352D612366E7E2A99983FF /* Foundation.framework */,
			);
			name = iOS;
			sourceTree = "<group>";
		};
		D418DDBD7445BEAFA772E288 /* Frameworks */ = {
			isa = PBXGroup;
			children = (
				AACC59685892109465D3269B /* iOS */,
			);
			name = Frameworks;
			sourceTree = "<group>";
		};
		F3A94178DCF84EA41AEFD408 /* Kaeru */ = {
			isa = PBXGroup;
			children = (
				CFBDA0621B809ABECAED32CB /* Configuration.plist */,
				744C468D3E43591300F635F5 /* Assets.xcassets */,
				3D7C40F4EA799DFD58A1945B /* GoogleCast.xcframework */,
				7B2DC5D27B698521CF0EE2A3 /* ApplicationRuntime.swift */,
				0EE989DC9EA1D524583F3FD9 /* KaeruApp.swift */,
				58E42D77E5F807C60D515D9F /* CastManager.swift */,
				F693A2E3B083B763EECD77B2 /* CastPlaybackState.swift */,
				F058243C2512DB733E4C0F5B /* CastViews.swift */,
				9541574EBD229C4CA3E3DE63 /* GoogleCastTransport.swift */,
				C4D96646B836E129B78A182D /* AppModel.swift */,
				37D15D6C061FAC6CF58035C7 /* Authentication.swift */,
				7091589213C17ADECB58E1EE /* ContinueTarget.swift */,
				F92272537903B9E5C80B75AE /* DeepLink.swift */,
				8972B4EA56EEFC586A398ED2 /* LocalStore.swift */,
				BB3C04FDCDA9F42AB67E3214 /* Models.swift */,
				0CD6292DC929D2E8E1FFD843 /* Preferences.swift */,
				962018F0D9EB2666037A27DE /* Service.swift */,
				F0E5B29DE9460253142FF6B4 /* LANConnection.swift */,
				1228BFBB2CD8C73E2B917369 /* PairingCoordinator.swift */,
				FB1045A2F3CEF3A07E4E346A /* PairingProtocol.swift */,
				AED796FFFC37F59351838860 /* TVPairingClient.swift */,
				C600071B98D3F7EB4A6C76CE /* CatalogComponents.swift */,
				73C8913969F375D7197B2679 /* CatalogPresentation.swift */,
				D5136D40C668A2CC0C0FF453 /* DetailView.swift */,
				163726F2A1FEE43D561E7034 /* DevicePairingView.swift */,
				F678897CFFF4146D5C799917 /* DownloadsView.swift */,
				E695A8A45542DCA03EFE69DA /* HomeView.swift */,
				D6D6793BC71BB8263D145209 /* LibraryView.swift */,
				C1F4B9368D8CDDF9DB60ADF7 /* PlayerScreen.swift */,
				BEA6974A6A88A2A6917BA6D4 /* QRScannerView.swift */,
				DBB22790418481705148BD33 /* RootView.swift */,
				60D1B5F7345FCAC41B35EEF5 /* SearchView.swift */,
				EC26C6E83093EC6B188A5A21 /* SettingsView.swift */,
				EE953291CDE6BB21F92C6196 /* TogetherView.swift */,
				8C909ADAD02DCB19505B8D29 /* EpisodeNotificationPlan.swift */,
				DFA42C96DB8C2A993705D43E /* EpisodeNotificationService.swift */,
				AF357B7B95C1EC26861A32C5 /* EpisodeReleaseState.swift */,
				5FCC64720AEB7F8C64792ACF /* BackgroundTransfers.swift */,
				6F42C8A96EDED49961A81577 /* DownloadManager.swift */,
				FD0823231AE3D63E29B97DDE /* OfflineCatalog.swift */,
				C82282AE17840B9FD0D4C027 /* AniSkipClient.swift */,
				323F0ECFD81B36153D269A41 /* NativePlayer.swift */,
				F3B399614AF7D807880B7B38 /* PlaybackMediaControls.swift */,
				17D828C982C10AAE550C15FE /* PlaybackModel.swift */,
				4A810B0CC7CD366066727C28 /* PlaybackPolicy.swift */,
				9F651B9BAAA1C6E4C0EAFB27 /* AppModelTests.swift */,
				AEEE6AA4747D5E925D42BC02 /* CastCoreTests.swift */,
				6E8812ADB676331F02C52DD6 /* CastManagerTests.swift */,
				0F53399EA60503641C5DB5D4 /* ContinuationTests.swift */,
				4DD24B9A1D9BBC61F861D562 /* DeepLinkTests.swift */,
				72DE31E39FEC0A6F9E33267B /* DomainTests.swift */,
				523AA02F3B6D6753E7095C47 /* KeychainTests.swift */,
				405A0E6CC30BEC78B62DFA3F /* LiveServiceTests.swift */,
				145A4F0C079F339F51E62411 /* OfflineCoreTests.swift */,
				1D12FED96AF7F5E919CFFCC5 /* PairingCoordinatorTests.swift */,
				AA648CD8DFD31F18D85F9B97 /* PairingProtocolTests.swift */,
				B4ADEF51C73CABC6149072FA /* PlaybackParityTests.swift */,
				BE10D5AF7EF3318487107606 /* TogetherManagerTests.swift */,
				6AAB5B3EE33FBF8695EBE0C7 /* TogetherProtocolTests.swift */,
				1EFB44439BF08753195A87BE /* TogetherReconnectTests.swift */,
				421771DBB3B2364A64D15236 /* TogetherSyncTests.swift */,
				3A171110709A7C35CF228B2B /* NavigationTests.swift */,
				89F9C1BE760451A5133FCBFA /* PlaybackTogetherAdapter.swift */,
				BAB79C9D27DF2BE0DD7CF147 /* TogetherCodec.swift */,
				F1F8A17CB91A026ACDF03928 /* TogetherInvitation.swift */,
				AFC5D9E44C9DA5811588243C /* TogetherLANTransport.swift */,
				96C937D70AFD42F529129DCB /* TogetherManager.swift */,
				9DAA8EEF9808B6E0B2051689 /* TogetherPlayback.swift */,
				9F5CEDFE8AB88438EA0ED4C7 /* TogetherPolicy.swift */,
				51B9127075EC5E8B53F3E3E9 /* TogetherReconnect.swift */,
				791CA1B7A1F088ABEB25D188 /* TogetherRelayTransport.swift */,
			);
			name = Kaeru;
			path = ..;
			sourceTree = "<group>";
		};
/* End PBXGroup section */

/* Begin PBXNativeTarget section */
		4A6CB209E38160BBC64756EE /* KaeruUITests */ = {
			isa = PBXNativeTarget;
			buildConfigurationList = 678A5C7CC231EE30F665F948 /* Build configuration list for PBXNativeTarget "KaeruUITests" */;
			buildPhases = (
				298F3033C324757103607954 /* Sources */,
				E0089619BF08BA71A9699B1C /* Frameworks */,
				19AAC60218EDF92F9F131E25 /* Resources */,
			);
			buildRules = (
			);
			dependencies = (
				C8EDBE39096516DEB4C226CB /* PBXTargetDependency */,
			);
			name = KaeruUITests;
			productName = KaeruUITests;
			productReference = 70F9DBFD63A1C3ED8A294D68 /* KaeruUITests.xctest */;
			productType = "com.apple.product-type.bundle.ui-testing";
		};
		A33B354ADC2BA9D8FBF97C49 /* Kaeru */ = {
			isa = PBXNativeTarget;
			buildConfigurationList = DDFC2B5B67132E7957F3502A /* Build configuration list for PBXNativeTarget "Kaeru" */;
			buildPhases = (
				6EF92E20725D0B214500456A /* Build shared framework */,
				1B2DFB1816837B649329BA60 /* Sources */,
				89687163B52C37952E4D0E69 /* Frameworks */,
				BBBACFC52F2D2121F2AFD1DB /* Resources */,
			);
			buildRules = (
			);
			dependencies = (
			);
			name = Kaeru;
			packageProductDependencies = (
				BEDC71CDB67F6ECBC98446D6 /* GTMSessionFetcherCore */,
			);
			productName = Kaeru;
			productReference = F53F5E9C0AE5D6CB5AC2B3D6 /* Kaeru.app */;
			productType = "com.apple.product-type.application";
		};
		E0A9DA1E52F922ACB0DA8A6B /* KaeruTests */ = {
			isa = PBXNativeTarget;
			buildConfigurationList = E8D348FB826DDAC5357894DD /* Build configuration list for PBXNativeTarget "KaeruTests" */;
			buildPhases = (
				69DB15DE06BEE9B4A9F6C8DE /* Sources */,
				C813A4914B8813B26F15B2BA /* Frameworks */,
				B5E5C6BEA7A8A7FF293FF3C6 /* Resources */,
			);
			buildRules = (
			);
			dependencies = (
				FDC3198E08FF57DD23E5178F /* PBXTargetDependency */,
			);
			name = KaeruTests;
			productName = KaeruTests;
			productReference = FD10C22891547E7F0CBD1AB7 /* KaeruTests.xctest */;
			productType = "com.apple.product-type.bundle.unit-test";
		};
/* End PBXNativeTarget section */

/* Begin PBXProject section */
		5AC38496CF908A194E72C018 /* Project object */ = {
			isa = PBXProject;
			attributes = {
				LastSwiftUpdateCheck = 1300;
				LastUpgradeCheck = 1300;
			};
			buildConfigurationList = 7A01FB2020848AD8959E5929 /* Build configuration list for PBXProject "Kaeru" */;
			compatibilityVersion = "Xcode 3.2";
			developmentRegion = en;
			hasScannedForEncodings = 0;
			knownRegions = (
				en,
				Base,
			);
			mainGroup = 58F441B044B3223243C8D94C;
			packageReferences = (
				81F69B717B89D63F0FDB7077 /* XCRemoteSwiftPackageReference "gtm-session-fetcher.git" */,
			);
			productRefGroup = 9A29C987E882C466B4AFEBD6 /* Products */;
			projectDirPath = "";
			projectRoot = "";
			targets = (
				A33B354ADC2BA9D8FBF97C49 /* Kaeru */,
				E0A9DA1E52F922ACB0DA8A6B /* KaeruTests */,
				4A6CB209E38160BBC64756EE /* KaeruUITests */,
			);
		};
/* End PBXProject section */

/* Begin PBXResourcesBuildPhase section */
		19AAC60218EDF92F9F131E25 /* Resources */ = {
			isa = PBXResourcesBuildPhase;
			buildActionMask = 2147483647;
			files = (
			);
			runOnlyForDeploymentPostprocessing = 0;
		};
		B5E5C6BEA7A8A7FF293FF3C6 /* Resources */ = {
			isa = PBXResourcesBuildPhase;
			buildActionMask = 2147483647;
			files = (
			);
			runOnlyForDeploymentPostprocessing = 0;
		};
		BBBACFC52F2D2121F2AFD1DB /* Resources */ = {
			isa = PBXResourcesBuildPhase;
			buildActionMask = 2147483647;
			files = (
				5BED3152A286093377080DC7 /* Configuration.plist in Resources */,
				B84353BB1FA3A209DE5092D5 /* Assets.xcassets in Resources */,
			);
			runOnlyForDeploymentPostprocessing = 0;
		};
/* End PBXResourcesBuildPhase section */

/* Begin PBXShellScriptBuildPhase section */
		6EF92E20725D0B214500456A /* Build shared framework */ = {
			isa = PBXShellScriptBuildPhase;
			alwaysOutOfDate = 1;
			buildActionMask = 2147483647;
			files = (
			);
			inputFileListPaths = (
			);
			inputPaths = (
			);
			name = "Build shared framework";
			outputFileListPaths = (
			);
			outputPaths = (
			);
			runOnlyForDeploymentPostprocessing = 0;
			shellPath = /bin/sh;
			shellScript = "/bin/sh \"$SRCROOT/../Scripts/BuildSharedFramework.sh\"";
		};
/* End PBXShellScriptBuildPhase section */

/* Begin PBXSourcesBuildPhase section */
		1B2DFB1816837B649329BA60 /* Sources */ = {
			isa = PBXSourcesBuildPhase;
			buildActionMask = 2147483647;
			files = (
				D7995E11BEEE15B9855E823A /* ApplicationRuntime.swift in Sources */,
				98CD6AEBDE9A54E0B6C6FCB7 /* KaeruApp.swift in Sources */,
				5D5CEBF4B3F9E5400F6032F1 /* CastManager.swift in Sources */,
				E104D22EB13BCBBB72D8A83F /* CastPlaybackState.swift in Sources */,
				FF69CA329544663D4FD2AF82 /* CastViews.swift in Sources */,
				7D73EA82D0D568294BD424CC /* GoogleCastTransport.swift in Sources */,
				A43E73D6C340FF8D3100658D /* AppModel.swift in Sources */,
				3911F9037147183BC40C7968 /* Authentication.swift in Sources */,
				4473B9FDF16DA73D7998F5FC /* ContinueTarget.swift in Sources */,
				65B08FBEA0649D9026196820 /* DeepLink.swift in Sources */,
				D062BC6F1B74AA789801DD7A /* LocalStore.swift in Sources */,
				219D77B3C54706EB10CEF9B8 /* Models.swift in Sources */,
				ECF085F036D626B0CEF2A168 /* Preferences.swift in Sources */,
				4F85888E50F83E4990628566 /* Service.swift in Sources */,
				DEE8D2F5B0029F93C10A4949 /* LANConnection.swift in Sources */,
				D3B1FB4CD6FCBB00B0C62893 /* PairingCoordinator.swift in Sources */,
				AB0F3483BB27CA6625BDDDE1 /* PairingProtocol.swift in Sources */,
				6E5020206134778AE06CFAB1 /* TVPairingClient.swift in Sources */,
				F1F6116B35A095D759A8B5C4 /* CatalogComponents.swift in Sources */,
				2B9800746820937F127D80A2 /* CatalogPresentation.swift in Sources */,
				78FE61AA856930464146B7AD /* DetailView.swift in Sources */,
				1A70F15D729C4D8D25CC89AC /* DevicePairingView.swift in Sources */,
				8E63EE861B44C0A07D12A6F2 /* DownloadsView.swift in Sources */,
				650C99CB17F6A12FDE67F802 /* HomeView.swift in Sources */,
				53D75F90FF3B2595BA608812 /* LibraryView.swift in Sources */,
				492A014DF070237A000F367C /* PlayerScreen.swift in Sources */,
				977B5C5BA633A30B3F78B81F /* QRScannerView.swift in Sources */,
				EBB26720AB5C040B9AA41228 /* RootView.swift in Sources */,
				6F7C37409803C34F48BB9678 /* SearchView.swift in Sources */,
				84B39ABF94A70191FB6475B6 /* SettingsView.swift in Sources */,
				8DCCF966358DAEB5A03734CB /* TogetherView.swift in Sources */,
				66207BE4EA4F88DC414D7D68 /* EpisodeNotificationPlan.swift in Sources */,
				CC25AE09452AB1796D5DCA74 /* EpisodeNotificationService.swift in Sources */,
				2DA1B01555CB57CE00DB6509 /* EpisodeReleaseState.swift in Sources */,
				6E538F68D915355392D1B3FB /* BackgroundTransfers.swift in Sources */,
				834533E9A4A883EE2EA2418D /* DownloadManager.swift in Sources */,
				5EE72DDA4F238A9C4C5277C0 /* OfflineCatalog.swift in Sources */,
				B79E5B6908C4D54C85C33DE8 /* AniSkipClient.swift in Sources */,
				70CF1F5C97934A00A61F25FF /* NativePlayer.swift in Sources */,
				A9384610F65F42F2276D1BF4 /* PlaybackMediaControls.swift in Sources */,
				6A798AE701E889477ACB6D79 /* PlaybackModel.swift in Sources */,
				735C9096EC28B67FB03A12A5 /* PlaybackPolicy.swift in Sources */,
				87CA3F0CFBC3FD1BFB616C2D /* PlaybackTogetherAdapter.swift in Sources */,
				A78A8EDD99AC5D2991757EE4 /* TogetherCodec.swift in Sources */,
				DB4B0EE82B5AE9831CF30DFB /* TogetherInvitation.swift in Sources */,
				2F0A5D2F6A3DDF8A4188A045 /* TogetherLANTransport.swift in Sources */,
				5B95FE8CD43D7FDFCEDC44EF /* TogetherManager.swift in Sources */,
				D2B186EE782C2F0A394B7D98 /* TogetherPlayback.swift in Sources */,
				1EF5FDCFBE4F8B6049F8955A /* TogetherPolicy.swift in Sources */,
				8BABAAC6C71B065A38BB5FC6 /* TogetherReconnect.swift in Sources */,
				B6E52AB48F539C064402D6E5 /* TogetherRelayTransport.swift in Sources */,
			);
			runOnlyForDeploymentPostprocessing = 0;
		};
		298F3033C324757103607954 /* Sources */ = {
			isa = PBXSourcesBuildPhase;
			buildActionMask = 2147483647;
			files = (
				D1BCD336110FA79C86CEEC3D /* NavigationTests.swift in Sources */,
			);
			runOnlyForDeploymentPostprocessing = 0;
		};
		69DB15DE06BEE9B4A9F6C8DE /* Sources */ = {
			isa = PBXSourcesBuildPhase;
			buildActionMask = 2147483647;
			files = (
				BA4F2A752285BD6926FA57BD /* AppModelTests.swift in Sources */,
				6753B8D7A7B4F76A3BE51EE3 /* CastCoreTests.swift in Sources */,
				7079F9E483E21F63B4021EB7 /* CastManagerTests.swift in Sources */,
				36E3D35170E6E8863F63BF6B /* ContinuationTests.swift in Sources */,
				AFEFD50464ABB95D13F2C71E /* DeepLinkTests.swift in Sources */,
				0D004133429E739A80408FB9 /* DomainTests.swift in Sources */,
				994851C087B6515E9B3660C4 /* KeychainTests.swift in Sources */,
				F5BACCE56FD1F02416C2CCA3 /* LiveServiceTests.swift in Sources */,
				C6582DA4CFDBDF199873AF93 /* OfflineCoreTests.swift in Sources */,
				2126515496CA979F4A5E79B2 /* PairingCoordinatorTests.swift in Sources */,
				42A324050F07EA52AC784AD9 /* PairingProtocolTests.swift in Sources */,
				583870233061D04A8F5F12F8 /* PlaybackParityTests.swift in Sources */,
				4C17DE180C923C438F9D21C7 /* TogetherManagerTests.swift in Sources */,
				862655C9F8C5872C09D187DD /* TogetherProtocolTests.swift in Sources */,
				E571BF699293067164C177A9 /* TogetherReconnectTests.swift in Sources */,
				811BFEE89E068D8B5C651F66 /* TogetherSyncTests.swift in Sources */,
			);
			runOnlyForDeploymentPostprocessing = 0;
		};
/* End PBXSourcesBuildPhase section */

/* Begin PBXTargetDependency section */
		C8EDBE39096516DEB4C226CB /* PBXTargetDependency */ = {
			isa = PBXTargetDependency;
			name = Kaeru;
			target = A33B354ADC2BA9D8FBF97C49 /* Kaeru */;
			targetProxy = C02A48977C63D287E7438B48 /* PBXContainerItemProxy */;
		};
		FDC3198E08FF57DD23E5178F /* PBXTargetDependency */ = {
			isa = PBXTargetDependency;
			name = Kaeru;
			target = A33B354ADC2BA9D8FBF97C49 /* Kaeru */;
			targetProxy = 3F909D60049879445EB9417F /* PBXContainerItemProxy */;
		};
/* End PBXTargetDependency section */

/* Begin XCBuildConfiguration section */
		0B1E660727488D58649F32D0 /* Debug */ = {
			isa = XCBuildConfiguration;
			buildSettings = {
				ARCHS = arm64;
				BUNDLE_LOADER = "$(TEST_HOST)";
				CLANG_ENABLE_OBJC_WEAK = NO;
				ENABLE_USER_SCRIPT_SANDBOXING = NO;
				FRAMEWORK_SEARCH_PATHS = (
					"$(inherited)",
					"$(SRCROOT)/../../shared/build/xcode-frameworks/$(CONFIGURATION)/$(SDK_NAME)",
				);
				GENERATE_INFOPLIST_FILE = YES;
				IPHONEOS_DEPLOYMENT_TARGET = 17.0;
				LD_RUNPATH_SEARCH_PATHS = "$(inherited) @executable_path/Frameworks";
				OTHER_LDFLAGS = (
					"$(inherited)",
					"-framework",
					KaeruShared,
				);
				PRODUCT_BUNDLE_IDENTIFIER = app.kaeru.ios.kaerutests;
				SDKROOT = iphoneos;
				SWIFT_EMIT_LOC_STRINGS = YES;
				SWIFT_VERSION = 5.0;
				TARGETED_DEVICE_FAMILY = "1,2";
				TEST_HOST = "$(BUILT_PRODUCTS_DIR)/Kaeru.app/$(BUNDLE_EXECUTABLE_FOLDER_PATH)/Kaeru";
			};
			name = Debug;
		};
		12693F90D69185E1094534BF /* Release */ = {
			isa = XCBuildConfiguration;
			buildSettings = {
				ARCHS = arm64;
				CLANG_ENABLE_OBJC_WEAK = NO;
				ENABLE_USER_SCRIPT_SANDBOXING = NO;
				FRAMEWORK_SEARCH_PATHS = (
					"$(inherited)",
					"$(SRCROOT)/../../shared/build/xcode-frameworks/$(CONFIGURATION)/$(SDK_NAME)",
				);
				GENERATE_INFOPLIST_FILE = YES;
				IPHONEOS_DEPLOYMENT_TARGET = 17.0;
				LD_RUNPATH_SEARCH_PATHS = "$(inherited) @executable_path/Frameworks";
				OTHER_LDFLAGS = (
					"$(inherited)",
					"-framework",
					KaeruShared,
				);
				PRODUCT_BUNDLE_IDENTIFIER = app.kaeru.ios.kaeruuitests;
				SDKROOT = iphoneos;
				SWIFT_EMIT_LOC_STRINGS = YES;
				SWIFT_VERSION = 5.0;
				TARGETED_DEVICE_FAMILY = "1,2";
				TEST_TARGET_NAME = Kaeru;
				VALIDATE_PRODUCT = YES;
			};
			name = Release;
		};
		3876638CC92756FF258D2A0E /* Debug */ = {
			isa = XCBuildConfiguration;
			buildSettings = {
				ARCHS = arm64;
				CLANG_ENABLE_OBJC_WEAK = NO;
				ENABLE_USER_SCRIPT_SANDBOXING = NO;
				FRAMEWORK_SEARCH_PATHS = (
					"$(inherited)",
					"$(SRCROOT)/../../shared/build/xcode-frameworks/$(CONFIGURATION)/$(SDK_NAME)",
				);
				GENERATE_INFOPLIST_FILE = YES;
				IPHONEOS_DEPLOYMENT_TARGET = 17.0;
				LD_RUNPATH_SEARCH_PATHS = "$(inherited) @executable_path/Frameworks";
				OTHER_LDFLAGS = (
					"$(inherited)",
					"-framework",
					KaeruShared,
				);
				PRODUCT_BUNDLE_IDENTIFIER = app.kaeru.ios.kaeruuitests;
				SDKROOT = iphoneos;
				SWIFT_EMIT_LOC_STRINGS = YES;
				SWIFT_VERSION = 5.0;
				TARGETED_DEVICE_FAMILY = "1,2";
				TEST_TARGET_NAME = Kaeru;
			};
			name = Debug;
		};
		6AD9103C2CFE4CD2C75D9AFC /* Debug */ = {
			isa = XCBuildConfiguration;
			buildSettings = {
				ARCHS = arm64;
				ASSETCATALOG_COMPILER_APPICON_NAME = AppIcon;
				ASSETCATALOG_COMPILER_GLOBAL_ACCENT_COLOR_NAME = AccentColor;
				CLANG_ENABLE_OBJC_WEAK = NO;
				CODE_SIGN_ENTITLEMENTS = Kaeru.entitlements;
				DEVELOPMENT_TEAM = TXY49DW96F;
				ENABLE_USER_SCRIPT_SANDBOXING = NO;
				FRAMEWORK_SEARCH_PATHS = (
					"$(inherited)",
					"$(SRCROOT)/../../shared/build/xcode-frameworks/$(CONFIGURATION)/$(SDK_NAME)",
					"$(SRCROOT)/../Dependencies/GoogleCastSDK-ios-4.8.6_static_xcframework/GoogleCast.xcframework",
				);
				GENERATE_INFOPLIST_FILE = YES;
				INFOPLIST_FILE = Info.plist;
				INFOPLIST_KEY_CFBundleDisplayName = Kaeru;
				INFOPLIST_KEY_UIApplicationSceneManifest_Generation = YES;
				INFOPLIST_KEY_UILaunchScreen_Generation = YES;
				INFOPLIST_KEY_UISupportedInterfaceOrientations = "UIInterfaceOrientationPortrait UIInterfaceOrientationLandscapeLeft UIInterfaceOrientationLandscapeRight";
				INFOPLIST_KEY_UISupportedInterfaceOrientations_iPad = "UIInterfaceOrientationPortrait UIInterfaceOrientationPortraitUpsideDown UIInterfaceOrientationLandscapeLeft UIInterfaceOrientationLandscapeRight";
				IPHONEOS_DEPLOYMENT_TARGET = 17.0;
				LD_RUNPATH_SEARCH_PATHS = "$(inherited) @executable_path/Frameworks";
				OTHER_LDFLAGS = (
					"$(inherited)",
					"-ObjC",
					"-lc++",
					"-framework",
					KaeruShared,
					"-framework",
					GoogleCast,
				);
				PRODUCT_BUNDLE_IDENTIFIER = app.kaeru.ios;
				SDKROOT = iphoneos;
				SWIFT_EMIT_LOC_STRINGS = YES;
				SWIFT_VERSION = 5.0;
				TARGETED_DEVICE_FAMILY = "1,2";
			};
			name = Debug;
		};
		751A92B3D1308E43AF9E45CD /* Release */ = {
			isa = XCBuildConfiguration;
			buildSettings = {
				ARCHS = arm64;
				BUNDLE_LOADER = "$(TEST_HOST)";
				CLANG_ENABLE_OBJC_WEAK = NO;
				ENABLE_USER_SCRIPT_SANDBOXING = NO;
				FRAMEWORK_SEARCH_PATHS = (
					"$(inherited)",
					"$(SRCROOT)/../../shared/build/xcode-frameworks/$(CONFIGURATION)/$(SDK_NAME)",
				);
				GENERATE_INFOPLIST_FILE = YES;
				IPHONEOS_DEPLOYMENT_TARGET = 17.0;
				LD_RUNPATH_SEARCH_PATHS = "$(inherited) @executable_path/Frameworks";
				OTHER_LDFLAGS = (
					"$(inherited)",
					"-framework",
					KaeruShared,
				);
				PRODUCT_BUNDLE_IDENTIFIER = app.kaeru.ios.kaerutests;
				SDKROOT = iphoneos;
				SWIFT_EMIT_LOC_STRINGS = YES;
				SWIFT_VERSION = 5.0;
				TARGETED_DEVICE_FAMILY = "1,2";
				TEST_HOST = "$(BUILT_PRODUCTS_DIR)/Kaeru.app/$(BUNDLE_EXECUTABLE_FOLDER_PATH)/Kaeru";
				VALIDATE_PRODUCT = YES;
			};
			name = Release;
		};
		7F69D869C81F506F2D65585D /* Release */ = {
			isa = XCBuildConfiguration;
			buildSettings = {
				ARCHS = arm64;
				ASSETCATALOG_COMPILER_APPICON_NAME = AppIcon;
				ASSETCATALOG_COMPILER_GLOBAL_ACCENT_COLOR_NAME = AccentColor;
				CLANG_ENABLE_OBJC_WEAK = NO;
				CODE_SIGN_ENTITLEMENTS = Kaeru.entitlements;
				DEVELOPMENT_TEAM = TXY49DW96F;
				ENABLE_USER_SCRIPT_SANDBOXING = NO;
				FRAMEWORK_SEARCH_PATHS = (
					"$(inherited)",
					"$(SRCROOT)/../../shared/build/xcode-frameworks/$(CONFIGURATION)/$(SDK_NAME)",
					"$(SRCROOT)/../Dependencies/GoogleCastSDK-ios-4.8.6_static_xcframework/GoogleCast.xcframework",
				);
				GENERATE_INFOPLIST_FILE = YES;
				INFOPLIST_FILE = Info.plist;
				INFOPLIST_KEY_CFBundleDisplayName = Kaeru;
				INFOPLIST_KEY_UIApplicationSceneManifest_Generation = YES;
				INFOPLIST_KEY_UILaunchScreen_Generation = YES;
				INFOPLIST_KEY_UISupportedInterfaceOrientations = "UIInterfaceOrientationPortrait UIInterfaceOrientationLandscapeLeft UIInterfaceOrientationLandscapeRight";
				INFOPLIST_KEY_UISupportedInterfaceOrientations_iPad = "UIInterfaceOrientationPortrait UIInterfaceOrientationPortraitUpsideDown UIInterfaceOrientationLandscapeLeft UIInterfaceOrientationLandscapeRight";
				IPHONEOS_DEPLOYMENT_TARGET = 17.0;
				LD_RUNPATH_SEARCH_PATHS = "$(inherited) @executable_path/Frameworks";
				OTHER_LDFLAGS = (
					"$(inherited)",
					"-ObjC",
					"-lc++",
					"-framework",
					KaeruShared,
					"-framework",
					GoogleCast,
				);
				PRODUCT_BUNDLE_IDENTIFIER = app.kaeru.ios;
				SDKROOT = iphoneos;
				SWIFT_EMIT_LOC_STRINGS = YES;
				SWIFT_VERSION = 5.0;
				TARGETED_DEVICE_FAMILY = "1,2";
				VALIDATE_PRODUCT = YES;
			};
			name = Release;
		};
		A6ED48FCB1215701D0510DCA /* Debug */ = {
			isa = XCBuildConfiguration;
			buildSettings = {
				ALWAYS_SEARCH_USER_PATHS = NO;
				CLANG_ANALYZER_NONNULL = YES;
				CLANG_ANALYZER_NUMBER_OBJECT_CONVERSION = YES_AGGRESSIVE;
				CLANG_CXX_LANGUAGE_STANDARD = "gnu++14";
				CLANG_CXX_LIBRARY = "libc++";
				CLANG_ENABLE_MODULES = YES;
				CLANG_ENABLE_OBJC_ARC = YES;
				CLANG_ENABLE_OBJC_WEAK = YES;
				CLANG_WARN_BLOCK_CAPTURE_AUTORELEASING = YES;
				CLANG_WARN_BOOL_CONVERSION = YES;
				CLANG_WARN_COMMA = YES;
				CLANG_WARN_CONSTANT_CONVERSION = YES;
				CLANG_WARN_DEPRECATED_OBJC_IMPLEMENTATIONS = YES;
				CLANG_WARN_DIRECT_OBJC_ISA_USAGE = YES_ERROR;
				CLANG_WARN_DOCUMENTATION_COMMENTS = YES;
				CLANG_WARN_EMPTY_BODY = YES;
				CLANG_WARN_ENUM_CONVERSION = YES;
				CLANG_WARN_INFINITE_RECURSION = YES;
				CLANG_WARN_INT_CONVERSION = YES;
				CLANG_WARN_NON_LITERAL_NULL_CONVERSION = YES;
				CLANG_WARN_OBJC_IMPLICIT_RETAIN_SELF = YES;
				CLANG_WARN_OBJC_LITERAL_CONVERSION = YES;
				CLANG_WARN_OBJC_ROOT_CLASS = YES_ERROR;
				CLANG_WARN_QUOTED_INCLUDE_IN_FRAMEWORK_HEADER = YES;
				CLANG_WARN_RANGE_LOOP_ANALYSIS = YES;
				CLANG_WARN_STRICT_PROTOTYPES = YES;
				CLANG_WARN_SUSPICIOUS_MOVE = YES;
				CLANG_WARN_UNGUARDED_AVAILABILITY = YES_AGGRESSIVE;
				CLANG_WARN_UNREACHABLE_CODE = YES;
				CLANG_WARN__DUPLICATE_METHOD_MATCH = YES;
				COPY_PHASE_STRIP = NO;
				DEBUG_INFORMATION_FORMAT = dwarf;
				ENABLE_STRICT_OBJC_MSGSEND = YES;
				ENABLE_TESTABILITY = YES;
				GCC_C_LANGUAGE_STANDARD = gnu11;
				GCC_DYNAMIC_NO_PIC = NO;
				GCC_NO_COMMON_BLOCKS = YES;
				GCC_OPTIMIZATION_LEVEL = 0;
				GCC_PREPROCESSOR_DEFINITIONS = (
					"DEBUG=1",
					"$(inherited)",
				);
				GCC_WARN_64_TO_32_BIT_CONVERSION = YES;
				GCC_WARN_ABOUT_RETURN_TYPE = YES_ERROR;
				GCC_WARN_UNDECLARED_SELECTOR = YES;
				GCC_WARN_UNINITIALIZED_AUTOS = YES_AGGRESSIVE;
				GCC_WARN_UNUSED_FUNCTION = YES;
				GCC_WARN_UNUSED_VARIABLE = YES;
				MTL_ENABLE_DEBUG_INFO = INCLUDE_SOURCE;
				MTL_FAST_MATH = YES;
				ONLY_ACTIVE_ARCH = YES;
				PRODUCT_NAME = "$(TARGET_NAME)";
				SWIFT_ACTIVE_COMPILATION_CONDITIONS = DEBUG;
				SWIFT_OPTIMIZATION_LEVEL = "-Onone";
				SWIFT_VERSION = 5.0;
			};
			name = Debug;
		};
		C32E9753D0B5AC04F00A58C5 /* Release */ = {
			isa = XCBuildConfiguration;
			buildSettings = {
				ALWAYS_SEARCH_USER_PATHS = NO;
				CLANG_ANALYZER_NONNULL = YES;
				CLANG_ANALYZER_NUMBER_OBJECT_CONVERSION = YES_AGGRESSIVE;
				CLANG_CXX_LANGUAGE_STANDARD = "gnu++14";
				CLANG_CXX_LIBRARY = "libc++";
				CLANG_ENABLE_MODULES = YES;
				CLANG_ENABLE_OBJC_ARC = YES;
				CLANG_ENABLE_OBJC_WEAK = YES;
				CLANG_WARN_BLOCK_CAPTURE_AUTORELEASING = YES;
				CLANG_WARN_BOOL_CONVERSION = YES;
				CLANG_WARN_COMMA = YES;
				CLANG_WARN_CONSTANT_CONVERSION = YES;
				CLANG_WARN_DEPRECATED_OBJC_IMPLEMENTATIONS = YES;
				CLANG_WARN_DIRECT_OBJC_ISA_USAGE = YES_ERROR;
				CLANG_WARN_DOCUMENTATION_COMMENTS = YES;
				CLANG_WARN_EMPTY_BODY = YES;
				CLANG_WARN_ENUM_CONVERSION = YES;
				CLANG_WARN_INFINITE_RECURSION = YES;
				CLANG_WARN_INT_CONVERSION = YES;
				CLANG_WARN_NON_LITERAL_NULL_CONVERSION = YES;
				CLANG_WARN_OBJC_IMPLICIT_RETAIN_SELF = YES;
				CLANG_WARN_OBJC_LITERAL_CONVERSION = YES;
				CLANG_WARN_OBJC_ROOT_CLASS = YES_ERROR;
				CLANG_WARN_QUOTED_INCLUDE_IN_FRAMEWORK_HEADER = YES;
				CLANG_WARN_RANGE_LOOP_ANALYSIS = YES;
				CLANG_WARN_STRICT_PROTOTYPES = YES;
				CLANG_WARN_SUSPICIOUS_MOVE = YES;
				CLANG_WARN_UNGUARDED_AVAILABILITY = YES_AGGRESSIVE;
				CLANG_WARN_UNREACHABLE_CODE = YES;
				CLANG_WARN__DUPLICATE_METHOD_MATCH = YES;
				COPY_PHASE_STRIP = NO;
				DEBUG_INFORMATION_FORMAT = "dwarf-with-dsym";
				ENABLE_NS_ASSERTIONS = NO;
				ENABLE_STRICT_OBJC_MSGSEND = YES;
				GCC_C_LANGUAGE_STANDARD = gnu11;
				GCC_NO_COMMON_BLOCKS = YES;
				GCC_WARN_64_TO_32_BIT_CONVERSION = YES;
				GCC_WARN_ABOUT_RETURN_TYPE = YES_ERROR;
				GCC_WARN_UNDECLARED_SELECTOR = YES;
				GCC_WARN_UNINITIALIZED_AUTOS = YES_AGGRESSIVE;
				GCC_WARN_UNUSED_FUNCTION = YES;
				GCC_WARN_UNUSED_VARIABLE = YES;
				MTL_ENABLE_DEBUG_INFO = NO;
				MTL_FAST_MATH = YES;
				PRODUCT_NAME = "$(TARGET_NAME)";
				SWIFT_COMPILATION_MODE = wholemodule;
				SWIFT_OPTIMIZATION_LEVEL = "-O";
				SWIFT_VERSION = 5.0;
			};
			name = Release;
		};
/* End XCBuildConfiguration section */

/* Begin XCConfigurationList section */
		678A5C7CC231EE30F665F948 /* Build configuration list for PBXNativeTarget "KaeruUITests" */ = {
			isa = XCConfigurationList;
			buildConfigurations = (
				12693F90D69185E1094534BF /* Release */,
				3876638CC92756FF258D2A0E /* Debug */,
			);
			defaultConfigurationIsVisible = 0;
			defaultConfigurationName = Release;
		};
		7A01FB2020848AD8959E5929 /* Build configuration list for PBXProject "Kaeru" */ = {
			isa = XCConfigurationList;
			buildConfigurations = (
				A6ED48FCB1215701D0510DCA /* Debug */,
				C32E9753D0B5AC04F00A58C5 /* Release */,
			);
			defaultConfigurationIsVisible = 0;
			defaultConfigurationName = Release;
		};
		DDFC2B5B67132E7957F3502A /* Build configuration list for PBXNativeTarget "Kaeru" */ = {
			isa = XCConfigurationList;
			buildConfigurations = (
				7F69D869C81F506F2D65585D /* Release */,
				6AD9103C2CFE4CD2C75D9AFC /* Debug */,
			);
			defaultConfigurationIsVisible = 0;
			defaultConfigurationName = Release;
		};
		E8D348FB826DDAC5357894DD /* Build configuration list for PBXNativeTarget "KaeruTests" */ = {
			isa = XCConfigurationList;
			buildConfigurations = (
				751A92B3D1308E43AF9E45CD /* Release */,
				0B1E660727488D58649F32D0 /* Debug */,
			);
			defaultConfigurationIsVisible = 0;
			defaultConfigurationName = Release;
		};
/* End XCConfigurationList section */

/* Begin XCRemoteSwiftPackageReference section */
		81F69B717B89D63F0FDB7077 /* XCRemoteSwiftPackageReference "gtm-session-fetcher.git" */ = {
			isa = XCRemoteSwiftPackageReference;
			repositoryURL = "https://github.com/google/gtm-session-fetcher.git";
			requirement = {
				kind = upToNextMajorVersion;
				minimumVersion = 3.5.0;
			};
		};
/* End XCRemoteSwiftPackageReference section */

/* Begin XCSwiftPackageProductDependency section */
		BEDC71CDB67F6ECBC98446D6 /* GTMSessionFetcherCore */ = {
			isa = XCSwiftPackageProductDependency;
			package = 81F69B717B89D63F0FDB7077 /* XCRemoteSwiftPackageReference "gtm-session-fetcher.git" */;
			productName = GTMSessionFetcherCore;
		};
/* End XCSwiftPackageProductDependency section */
	};
	rootObject = 5AC38496CF908A194E72C018 /* Project object */;
}
